{
  "version": 4,
  "terraform_version": "1.1.3",
  "serial": 1948,
  "lineage": "77fc5aa4-7d19-6c61-b557-86bd5c074a8c",
  "outputs": {
    "bastion_ip": {
      "value": "10.0.0.2",
      "type": "string"
    },
    "network": {
      "value": "projects/azimuthtv10-347408/global/networks/az-network",
      "type": "string"
    },
    "ssh": {
      "value": "gcloud compute ssh bastion-host --project azimuthtv10-347408 --zone europe-west3-b",
      "type": "string"
    }
  },
  "resources": [
    {
      "mode": "data",
      "type": "template_file",
      "name": "startup_script",
      "provider": "provider[\"registry.terraform.io/hashicorp/template\"]",
      "instances": [
        {
          "schema_version": 0,
          "attributes": {
            "filename": null,
            "id": "c98a6443d02a7957556871967fea8425a030d51366f2fbd80d1bdd4a747a849c",
            "rendered": "apt-get update -y\napt install snapd\nsnap install kubectl --classic\n",
            "template": "apt-get update -y\napt install snapd\nsnap install kubectl --classic\n",
            "vars": null
          },
          "sensitive_attributes": []
        }
      ]
    },
    {
      "mode": "managed",
      "type": "google_compute_global_address",
      "name": "private_ip_address",
      "provider": "provider[\"registry.terraform.io/hashicorp/google\"]",
      "instances": [
        {
          "schema_version": 0,
          "attributes": {
            "address": "10.147.0.0",
            "address_type": "INTERNAL",
            "creation_timestamp": "2022-07-11T00:45:38.225-07:00",
            "description": "",
            "id": "projects/azimuthtv10-347408/global/addresses/private-ip-address",
            "ip_version": "",
            "name": "private-ip-address",
            "network": "https://www.googleapis.com/compute/v1/projects/azimuthtv10-347408/global/networks/az-network",
            "prefix_length": 16,
            "project": "azimuthtv10-347408",
            "purpose": "VPC_PEERING",
            "self_link": "https://www.googleapis.com/compute/v1/projects/azimuthtv10-347408/global/addresses/private-ip-address",
            "timeouts": null
          },
          "sensitive_attributes": [],
          "private": "eyJlMmJmYjczMC1lY2FhLTExZTYtOGY4OC0zNDM2M2JjN2M0YzAiOnsiY3JlYXRlIjoxMjAwMDAwMDAwMDAwLCJkZWxldGUiOjEyMDAwMDAwMDAwMDB9fQ==",
          "dependencies": [
            "module.network.google_compute_network.az-network"
          ]
        }
      ]
    },
    {
      "mode": "managed",
      "type": "google_compute_instance",
      "name": "bastion",
      "provider": "provider[\"registry.terraform.io/hashicorp/google\"]",
      "instances": [
        {
          "schema_version": 6,
          "attributes": {
            "advanced_machine_features": [],
            "allow_stopping_for_update": true,
            "attached_disk": [],
            "boot_disk": [
              {
                "auto_delete": true,
                "device_name": "persistent-disk-0",
                "disk_encryption_key_raw": "",
                "disk_encryption_key_sha256": "",
                "initialize_params": [
                  {
                    "image": "https://www.googleapis.com/compute/v1/projects/ubuntu-os-cloud/global/images/ubuntu-2004-focal-v20220705",
                    "labels": {},
                    "size": 10,
                    "type": "pd-standard"
                  }
                ],
                "kms_key_self_link": "",
                "mode": "READ_WRITE",
                "source": "https://www.googleapis.com/compute/v1/projects/azimuthtv10-347408/zones/europe-west3-b/disks/bastion-host"
              }
            ],
            "can_ip_forward": false,
            "confidential_instance_config": [],
            "cpu_platform": "Intel Broadwell",
            "current_status": "RUNNING",
            "deletion_protection": false,
            "description": "",
            "desired_status": null,
            "enable_display": false,
            "guest_accelerator": [],
            "hostname": "",
            "id": "projects/azimuthtv10-347408/zones/europe-west3-b/instances/bastion-host",
            "instance_id": "705204556235434918",
            "label_fingerprint": "42WmSpB8rSM=",
            "labels": null,
            "machine_type": "e2-micro",
            "metadata": {
              "block-project-ssh-keys": "true",
              "enable-oslogin": "false",
              "ssh-keys": "    root:ssh-rsa AAAAB3NzaC1yc2EAAAADAQABAAABgQC9xQdGKRGXZGPWpDzhFukeu9anyva+Q7XkhCJcs6SAlu8QeuzsYwMbYuNwQOFOPzEeK5G6UTbaBMJ3NMXTrc3QwkVL2Wi+hQoPGK/kGvazxWtnpSzWcrksnYWeMo8il3BY+pXSOkuq0Yd8WmW6o+yMEV4x3ThsjtFzyGZ7Y2djTU8KqC3JL49USN+0w7bgAFtCGj4YqOR3z7e3NcdxZ49VCtZKFD3/d6zblbqepW5T8ht2PW2QSGb4nH7Nx+OeZuId2afogCoCFRHVQhMpHf6/IdnyaGGHqiwX+og81nEzGobTd42mGj4kdNBIwPAnpI3mACJLoHj75NB0ns10CRW1rWXxn0w1wzZmwA/TSjWGuieGpjSsvKcn/upoPmj6pDa7/I0jNVOhgSxjuqj/v98D995r7JkHPjOEkptZf37lWUeulS5Wh0HaQwErWb0K3huXX8ZdlUuJ1Xq9/V9eg0OxSSk6e/zsMuXxGLrf2yDKDr+Ev4ssCQgeZ2CaznRFfBs= admin@DESKTOP-9EEH9LJ\n\n"
            },
            "metadata_fingerprint": "3zXPycaKi8Q=",
            "metadata_startup_script": "apt-get update -y\napt install snapd\nsnap install kubectl --classic\n",
            "min_cpu_platform": "",
            "name": "bastion-host",
            "network_interface": [
              {
                "access_config": [
                  {
                    "nat_ip": "34.89.251.157",
                    "network_tier": "PREMIUM",
                    "public_ptr_domain_name": ""
                  }
                ],
                "alias_ip_range": [],
                "ipv6_access_config": [],
                "ipv6_access_type": "",
                "name": "nic0",
                "network": "https://www.googleapis.com/compute/v1/projects/azimuthtv10-347408/global/networks/az-network",
                "network_ip": "10.0.0.2",
                "nic_type": "",
                "queue_count": 0,
                "stack_type": "IPV4_ONLY",
                "subnetwork": "https://www.googleapis.com/compute/v1/projects/azimuthtv10-347408/regions/europe-west3/subnetworks/az-subnet",
                "subnetwork_project": "azimuthtv10-347408"
              }
            ],
            "project": "azimuthtv10-347408",
            "reservation_affinity": [],
            "resource_policies": null,
            "scheduling": [
              {
                "automatic_restart": true,
                "min_node_cpus": 0,
                "node_affinities": [],
                "on_host_maintenance": "MIGRATE",
                "preemptible": false
              }
            ],
            "scratch_disk": [],
            "self_link": "https://www.googleapis.com/compute/v1/projects/azimuthtv10-347408/zones/europe-west3-b/instances/bastion-host",
            "service_account": [
              {
                "email": "cluster-admin@azimuthtv10-347408.iam.gserviceaccount.com",
                "scopes": [
                  "https://www.googleapis.com/auth/cloud-platform"
                ]
              }
            ],
            "shielded_instance_config": [
              {
                "enable_integrity_monitoring": true,
                "enable_secure_boot": false,
                "enable_vtpm": true
              }
            ],
            "tags": [
              "ssh"
            ],
            "tags_fingerprint": "pfSjJj1RiUg=",
            "timeouts": null,
            "zone": "europe-west3-b"
          },
          "sensitive_attributes": [],
          "private": "eyJlMmJmYjczMC1lY2FhLTExZTYtOGY4OC0zNDM2M2JjN2M0YzAiOnsiY3JlYXRlIjoxMjAwMDAwMDAwMDAwLCJkZWxldGUiOjEyMDAwMDAwMDAwMDAsInVwZGF0ZSI6MTIwMDAwMDAwMDAwMH0sInNjaGVtYV92ZXJzaW9uIjoiNiJ9",
          "dependencies": [
            "data.template_file.startup_script",
            "google_service_account.cluster_sa",
            "module.network.google_compute_network.az-network",
            "module.subnetwork.google_compute_subnetwork.az-subnet"
          ]
        }
      ]
    },
    {
      "mode": "managed",
      "type": "google_compute_router",
      "name": "router",
      "provider": "provider[\"registry.terraform.io/hashicorp/google\"]",
      "instances": [
        {
          "schema_version": 0,
          "attributes": {
            "bgp": [
              {
                "advertise_mode": "DEFAULT",
                "advertised_groups": null,
                "advertised_ip_ranges": [],
                "asn": 64514,
                "keepalive_interval": 20
              }
            ],
            "creation_timestamp": "2022-07-11T00:45:39.055-07:00",
            "description": "",
            "encrypted_interconnect_router": false,
            "id": "projects/azimuthtv10-347408/regions/europe-west3/routers/az-router",
            "name": "az-router",
            "network": "https://www.googleapis.com/compute/v1/projects/azimuthtv10-347408/global/networks/az-network",
            "project": "azimuthtv10-347408",
            "region": "europe-west3",
            "self_link": "https://www.googleapis.com/compute/v1/projects/azimuthtv10-347408/regions/europe-west3/routers/az-router",
            "timeouts": null
          },
          "sensitive_attributes": [],
          "private": "eyJlMmJmYjczMC1lY2FhLTExZTYtOGY4OC0zNDM2M2JjN2M0YzAiOnsiY3JlYXRlIjoxMjAwMDAwMDAwMDAwLCJkZWxldGUiOjEyMDAwMDAwMDAwMDAsInVwZGF0ZSI6MTIwMDAwMDAwMDAwMH19",
          "dependencies": [
            "module.network.google_compute_network.az-network"
          ]
        }
      ]
    },
    {
      "mode": "managed",
      "type": "google_compute_router_nat",
      "name": "nat",
      "provider": "provider[\"registry.terraform.io/hashicorp/google\"]",
      "instances": [
        {
          "schema_version": 0,
          "attributes": {
            "drain_nat_ips": null,
            "enable_endpoint_independent_mapping": true,
            "icmp_idle_timeout_sec": 30,
            "id": "azimuthtv10-347408/europe-west3/az-router/az-router-nat",
            "log_config": [
              {
                "enable": true,
                "filter": "ERRORS_ONLY"
              }
            ],
            "min_ports_per_vm": 0,
            "name": "az-router-nat",
            "nat_ip_allocate_option": "AUTO_ONLY",
            "nat_ips": null,
            "project": "azimuthtv10-347408",
            "region": "europe-west3",
            "router": "az-router",
            "source_subnetwork_ip_ranges_to_nat": "LIST_OF_SUBNETWORKS",
            "subnetwork": [
              {
                "name": "az-subnet",
                "secondary_ip_range_names": [],
                "source_ip_ranges_to_nat": [
                  "ALL_IP_RANGES"
                ]
              }
            ],
            "tcp_established_idle_timeout_sec": 1200,
            "tcp_transitory_idle_timeout_sec": 30,
            "timeouts": null,
            "udp_idle_timeout_sec": 30
          },
          "sensitive_attributes": [],
          "private": "eyJlMmJmYjczMC1lY2FhLTExZTYtOGY4OC0zNDM2M2JjN2M0YzAiOnsiY3JlYXRlIjoxMjAwMDAwMDAwMDAwLCJkZWxldGUiOjEyMDAwMDAwMDAwMDAsInVwZGF0ZSI6MTIwMDAwMDAwMDAwMH19",
          "dependencies": [
            "google_compute_router.router",
            "module.network.google_compute_network.az-network",
            "module.subnetwork.google_compute_subnetwork.az-subnet"
          ]
        }
      ]
    },
    {
      "mode": "managed",
      "type": "google_container_cluster",
      "name": "test_cluster",
      "provider": "provider[\"registry.terraform.io/hashicorp/google\"]",
      "instances": [
        {
          "schema_version": 1,
          "attributes": {
            "addons_config": [
              {
                "cloudrun_config": [],
                "gcp_filestore_csi_driver_config": [
                  {
                    "enabled": true
                  }
                ],
                "horizontal_pod_autoscaling": [
                  {
                    "disabled": false
                  }
                ],
                "http_load_balancing": [
                  {
                    "disabled": false
                  }
                ],
                "network_policy_config": [
                  {
                    "disabled": true
                  }
                ]
              }
            ],
            "authenticator_groups_config": [],
            "cluster_autoscaling": [
              {
                "auto_provisioning_defaults": [
                  {
                    "image_type": "COS_CONTAINERD",
                    "oauth_scopes": [
                      "https://www.googleapis.com/auth/devstorage.read_only",
                      "https://www.googleapis.com/auth/logging.write",
                      "https://www.googleapis.com/auth/monitoring",
                      "https://www.googleapis.com/auth/service.management.readonly",
                      "https://www.googleapis.com/auth/servicecontrol",
                      "https://www.googleapis.com/auth/trace.append"
                    ],
                    "service_account": "default"
                  }
                ],
                "enabled": true,
                "resource_limits": [
                  {
                    "maximum": 1000000000,
                    "minimum": 0,
                    "resource_type": "cpu"
                  },
                  {
                    "maximum": 1000000000,
                    "minimum": 0,
                    "resource_type": "memory"
                  }
                ]
              }
            ],
            "cluster_ipv4_cidr": "10.48.0.0/14",
            "confidential_nodes": [],
            "database_encryption": [
              {
                "key_name": "",
                "state": "DECRYPTED"
              }
            ],
            "datapath_provider": "ADVANCED_DATAPATH",
            "default_max_pods_per_node": 110,
            "default_snat_status": [
              {
                "disabled": false
              }
            ],
            "description": "",
            "dns_config": [],
            "enable_autopilot": true,
            "enable_binary_authorization": false,
            "enable_intranode_visibility": true,
            "enable_kubernetes_alpha": false,
            "enable_legacy_abac": false,
            "enable_shielded_nodes": true,
            "enable_tpu": false,
            "endpoint": "172.16.0.2",
            "id": "projects/azimuthtv10-347408/locations/europe-west3/clusters/azimuthtv10-347408-gke",
            "initial_node_count": 0,
            "ip_allocation_policy": [
              {
                "cluster_ipv4_cidr_block": "10.48.0.0/14",
                "cluster_secondary_range_name": "k8s-pod-range",
                "services_ipv4_cidr_block": "10.52.0.0/20",
                "services_secondary_range_name": "k8s-service-range"
              }
            ],
            "label_fingerprint": "a9dc16a7",
            "location": "europe-west3",
            "logging_config": [
              {
                "enable_components": [
                  "SYSTEM_COMPONENTS",
                  "WORKLOADS"
                ]
              }
            ],
            "logging_service": "logging.googleapis.com/kubernetes",
            "maintenance_policy": [],
            "master_auth": [
              {
                "client_certificate": "",
                "client_certificate_config": [
                  {
                    "issue_client_certificate": false
                  }
                ],
                "client_key": "",
                "cluster_ca_certificate": "LS0tLS1CRUdJTiBDRVJUSUZJQ0FURS0tLS0tCk1JSUVMVENDQXBXZ0F3SUJBZ0lSQUxuUFI2Rkp4WlRZZVJ0Nm5YR3Y5V013RFFZSktvWklodmNOQVFFTEJRQXcKTHpFdE1Dc0dBMVVFQXhNa01qaG1OakE1WlRjdE9UWTNOUzAwWXpRMExXRXdOVEF0TWpnNFlqUTNaVFF5Tm1RegpNQ0FYRFRJeU1EY3hNVEEyTkRZeE5Wb1lEekl3TlRJd056QXpNRGMwTmpFMVdqQXZNUzB3S3dZRFZRUURFeVF5Ck9HWTJNRGxsTnkwNU5qYzFMVFJqTkRRdFlUQTFNQzB5T0RoaU5EZGxOREkyWkRNd2dnR2lNQTBHQ1NxR1NJYjMKRFFFQkFRVUFBNElCandBd2dnR0tBb0lCZ1FEZXpoWmdwbld6dkFIUW02R3czTUZMd3BIYVJvcWdQRk9RRkZxLwpsNXZUWUdyYnBMNENCRW9ML0dQNU51azZYKzBoNThZenNOYjZQRVFmejFLSmo0dG9NaGVvZUtqTUN1VjFTdUpSClNkbkNkUFlaRUNMLzRYMzhCT1B4K3ZZTDVTa1JvWExWek9nU2xGQmF3d2FJNlBpV3pBNGtyT2gvenh3RUVYNDEKSjJ4dmhEWldqR285MUFaU2xOQXRzMm53S0VTeng5a29wYWdPYkZFYkFmMHpBVUdua3Zvd21rRCs0Z25BVUthYQprNUZHRGIvN1ZpclNmQ01wUHNva1FETzk4SlNlbnFPVXZMK2VYWFhFOW9PMWFzdWpJWEVML1Bnc0lGQ3IyWXNZCm0wSUprYTlwUFdzOXEwUGdJQ0dMRXdlWFhXZGpia1l6Rm04Ty9LTWF2cUZXZThhUTVuSEQ2KzdsQzhKbXlPYVgKQ1JxYkVJdXZKS01kZVBadnhERENXM0k4aU82djRkdFBqdVJFMTNuZGcvVmszYTNaaGp4and5L29COVR6R1Z2dgozNE5YWW1RVHpPR0Y3cktjY0pxT3g2WFlnNmEwTVhlWk1RT1RueWthNklEL0FsZWwxcTlHOUt1UDExNTBWZHhVCksrSnBqNXJ0MkJHSXRFN2tXRFZjQmtjZG40c0NBd0VBQWFOQ01FQXdEZ1lEVlIwUEFRSC9CQVFEQWdJRU1BOEcKQTFVZEV3RUIvd1FGTUFNQkFmOHdIUVlEVlIwT0JCWUVGSHZWZHdubjNGNjJtNnExSEVMamNzTkptaHQrTUEwRwpDU3FHU0liM0RRRUJDd1VBQTRJQmdRQTlvbHI3KzN1ZjJRdktJMHlML2RIdmZqR0xBN0FEbWFMMlhvR1B3RHNmCnBualBiR21mSWpndW91RjJsNHppbFJLMTdGYWtXeTlKYnVKR2ZVQ0NGODd0eFBuUnhLODVHNWtDZC9kU0ZBaWoKaS8vRjUrbUs4OWNYVFFvRW5DcEJLdEQrVFNHRTQvRktobVdTenVpRmdkUEtic2FiZU4vNE8wUWZLb3BQTUYrVgoxUXFiazB3NzQ0YWZ3OEh1WHl6R2ExR0FOYjlFbWZSd3VLWnlGaGYzSk9xUGtzaWd2VG0xWHMvTUFBSVNIdnVKCkVEWjN3MXNvNXcyYThQcUZEb3BNK0lkcnFpNGlDR0QySzhYWkNIZjdRUmUxTlNLdkd1c2dLdmJOcDBwV1ZQbngKYWp1Zm5NZmJENG1MUjAySGZORDM3ZjlNZUZ4VlBuQlZQbVdGTmVuSnQyb2QyTWQrRHpDeFFvUGR5ZlFRU1U4NQovRndVdVRvUHBqbHMwcVUxNXljWEt2dHFHU090MUpzUXRFTHh0NFU2ZkQyMldEVWJNaWZvbmYxZHN6RmlHOWVGCnJPZDdOalExQTFyM1pSQU5aaWVYdG8vVzRObnZvYnZoVWt2YmMzT1d6T3Y3RnZOZit6Qm40cGRweHdwZWtXcFcKYUtYN2tteDl2UXVjUndaRHgwT2FMekU9Ci0tLS0tRU5EIENFUlRJRklDQVRFLS0tLS0K"
              }
            ],
            "master_authorized_networks_config": [
              {
                "cidr_blocks": [
                  {
                    "cidr_block": "10.0.0.0/18",
                    "display_name": "private-subnet"
                  }
                ]
              }
            ],
            "master_version": "1.22.8-gke.202",
            "min_master_version": null,
            "monitoring_config": [
              {
                "enable_components": [
                  "SYSTEM_COMPONENTS"
                ]
              }
            ],
            "monitoring_service": "monitoring.googleapis.com/kubernetes",
            "name": "azimuthtv10-347408-gke",
            "network": "projects/azimuthtv10-347408/global/networks/az-network",
            "network_policy": [
              {
                "enabled": false,
                "provider": "PROVIDER_UNSPECIFIED"
              }
            ],
            "networking_mode": "VPC_NATIVE",
            "node_config": [
              {
                "boot_disk_kms_key": "",
                "disk_size_gb": 100,
                "disk_type": "pd-standard",
                "gcfs_config": [],
                "guest_accelerator": [],
                "gvnic": [],
                "image_type": "COS_CONTAINERD",
                "labels": {},
                "local_ssd_count": 0,
                "machine_type": "e2-medium",
                "metadata": {
                  "disable-legacy-endpoints": "true"
                },
                "min_cpu_platform": "",
                "node_group": "",
                "oauth_scopes": [
                  "https://www.googleapis.com/auth/cloud-platform"
                ],
                "preemptible": false,
                "service_account": "default",
                "shielded_instance_config": [
                  {
                    "enable_integrity_monitoring": true,
                    "enable_secure_boot": true
                  }
                ],
                "tags": [],
                "taint": [],
                "workload_metadata_config": [
                  {
                    "mode": "GKE_METADATA"
                  }
                ]
              }
            ],
            "node_locations": [
              "europe-west3-a",
              "europe-west3-b",
              "europe-west3-c"
            ],
            "node_pool": [
              {
                "autoscaling": [
                  {
                    "max_node_count": 1000,
                    "min_node_count": 0
                  }
                ],
                "initial_node_count": 1,
                "instance_group_urls": [],
                "managed_instance_group_urls": [],
                "management": [
                  {
                    "auto_repair": true,
                    "auto_upgrade": true
                  }
                ],
                "max_pods_per_node": 32,
                "name": "default-pool",
                "name_prefix": "",
                "node_config": [
                  {
                    "boot_disk_kms_key": "",
                    "disk_size_gb": 100,
                    "disk_type": "pd-standard",
                    "gcfs_config": [],
                    "guest_accelerator": [],
                    "gvnic": [],
                    "image_type": "COS_CONTAINERD",
                    "labels": {},
                    "local_ssd_count": 0,
                    "machine_type": "e2-medium",
                    "metadata": {
                      "disable-legacy-endpoints": "true"
                    },
                    "min_cpu_platform": "",
                    "node_group": "",
                    "oauth_scopes": [
                      "https://www.googleapis.com/auth/devstorage.read_only",
                      "https://www.googleapis.com/auth/logging.write",
                      "https://www.googleapis.com/auth/monitoring",
                      "https://www.googleapis.com/auth/service.management.readonly",
                      "https://www.googleapis.com/auth/servicecontrol",
                      "https://www.googleapis.com/auth/trace.append"
                    ],
                    "preemptible": false,
                    "service_account": "default",
                    "shielded_instance_config": [
                      {
                        "enable_integrity_monitoring": true,
                        "enable_secure_boot": true
                      }
                    ],
                    "tags": [],
                    "taint": [],
                    "workload_metadata_config": [
                      {
                        "mode": "GKE_METADATA"
                      }
                    ]
                  }
                ],
                "node_count": 0,
                "node_locations": [
                  "europe-west3-a",
                  "europe-west3-c"
                ],
                "upgrade_settings": [
                  {
                    "max_surge": 1,
                    "max_unavailable": 0
                  }
                ],
                "version": "1.22.8-gke.202"
              }
            ],
            "node_version": "1.22.8-gke.202",
            "operation": null,
            "private_cluster_config": [
              {
                "enable_private_endpoint": true,
                "enable_private_nodes": true,
                "master_global_access_config": [
                  {
                    "enabled": false
                  }
                ],
                "master_ipv4_cidr_block": "172.16.0.0/28",
                "peering_name": "gke-n6cd8fb7a9723b6063a0-5ca7-f978-peer",
                "private_endpoint": "172.16.0.2",
                "public_endpoint": "34.159.90.178"
              }
            ],
            "private_ipv6_google_access": "",
            "project": "azimuthtv10-347408",
            "release_channel": [
              {
                "channel": "REGULAR"
              }
            ],
            "remove_default_node_pool": null,
            "resource_labels": null,
            "resource_usage_export_config": [],
            "self_link": "https://container.googleapis.com/v1/projects/azimuthtv10-347408/locations/europe-west3/clusters/azimuthtv10-347408-gke",
            "services_ipv4_cidr": "10.52.0.0/20",
            "subnetwork": "projects/azimuthtv10-347408/regions/europe-west3/subnetworks/az-subnet",
            "timeouts": {
              "create": "30m",
              "delete": null,
              "read": null,
              "update": "40m"
            },
            "tpu_ipv4_cidr_block": "",
            "vertical_pod_autoscaling": [
              {
                "enabled": true
              }
            ],
            "workload_identity_config": [
              {
                "workload_pool": "azimuthtv10-347408.svc.id.goog"
              }
            ]
          },
          "sensitive_attributes": [],
          "private": "eyJlMmJmYjczMC1lY2FhLTExZTYtOGY4OC0zNDM2M2JjN2M0YzAiOnsiY3JlYXRlIjoxODAwMDAwMDAwMDAwLCJkZWxldGUiOjI0MDAwMDAwMDAwMDAsInJlYWQiOjI0MDAwMDAwMDAwMDAsInVwZGF0ZSI6MjQwMDAwMDAwMDAwMH0sInNjaGVtYV92ZXJzaW9uIjoiMSJ9",
          "dependencies": [
            "google_service_account.cluster_sa",
            "module.network.google_compute_network.az-network",
            "module.subnetwork.google_compute_subnetwork.az-subnet"
          ]
        }
      ]
    },
    {
      "mode": "managed",
      "type": "google_project_iam_member",
      "name": "cluster_admin_roles",
      "provider": "provider[\"registry.terraform.io/hashicorp/google\"]",
      "instances": [
        {
          "index_key": "cloudsql.admin",
          "schema_version": 0,
          "attributes": {
            "condition": [],
            "etag": "BwXjgrx0mCw=",
            "id": "azimuthtv10-347408/roles/cloudsql.admin/serviceAccount:cluster-admin@azimuthtv10-347408.iam.gserviceaccount.com",
            "member": "serviceAccount:cluster-admin@azimuthtv10-347408.iam.gserviceaccount.com",
            "project": "azimuthtv10-347408",
            "role": "roles/cloudsql.admin"
          },
          "sensitive_attributes": [],
          "private": "bnVsbA=="
        },
        {
          "index_key": "container.admin",
          "schema_version": 0,
          "attributes": {
            "condition": [],
            "etag": "BwXjgrx0mCw=",
            "id": "azimuthtv10-347408/roles/container.admin/serviceAccount:cluster-admin@azimuthtv10-347408.iam.gserviceaccount.com",
            "member": "serviceAccount:cluster-admin@azimuthtv10-347408.iam.gserviceaccount.com",
            "project": "azimuthtv10-347408",
            "role": "roles/container.admin"
          },
          "sensitive_attributes": [],
          "private": "bnVsbA=="
        },
        {
          "index_key": "container.clusterAdmin",
          "schema_version": 0,
          "attributes": {
            "condition": [],
            "etag": "BwXjgrx0mCw=",
            "id": "azimuthtv10-347408/roles/container.clusterAdmin/serviceAccount:cluster-admin@azimuthtv10-347408.iam.gserviceaccount.com",
            "member": "serviceAccount:cluster-admin@azimuthtv10-347408.iam.gserviceaccount.com",
            "project": "azimuthtv10-347408",
            "role": "roles/container.clusterAdmin"
          },
          "sensitive_attributes": [],
          "private": "bnVsbA=="
        },
        {
          "index_key": "iam.workloadIdentityUser",
          "schema_version": 0,
          "attributes": {
            "condition": [],
            "etag": "BwXjgrx0mCw=",
            "id": "azimuthtv10-347408/roles/iam.workloadIdentityUser/serviceAccount:cluster-admin@azimuthtv10-347408.iam.gserviceaccount.com",
            "member": "serviceAccount:cluster-admin@azimuthtv10-347408.iam.gserviceaccount.com",
            "project": "azimuthtv10-347408",
            "role": "roles/iam.workloadIdentityUser"
          },
          "sensitive_attributes": [],
          "private": "bnVsbA=="
        },
        {
          "index_key": "storage.objectAdmin",
          "schema_version": 0,
          "attributes": {
            "condition": [],
            "etag": "BwXjgrx0mCw=",
            "id": "azimuthtv10-347408/roles/storage.objectAdmin/serviceAccount:cluster-admin@azimuthtv10-347408.iam.gserviceaccount.com",
            "member": "serviceAccount:cluster-admin@azimuthtv10-347408.iam.gserviceaccount.com",
            "project": "azimuthtv10-347408",
            "role": "roles/storage.objectAdmin"
          },
          "sensitive_attributes": [],
          "private": "bnVsbA=="
        }
      ]
    },
    {
      "mode": "managed",
      "type": "google_project_iam_member",
      "name": "project_roles",
      "provider": "provider[\"registry.terraform.io/hashicorp/google\"]",
      "instances": [
        {
          "index_key": "compute.networkAdmin",
          "schema_version": 0,
          "attributes": {
            "condition": [],
            "etag": "BwXjgrx0mCw=",
            "id": "azimuthtv10-347408/roles/compute.networkAdmin/serviceAccount:azimuth@azimuthtv10-347408.iam.gserviceaccount.com",
            "member": "serviceAccount:azimuth@azimuthtv10-347408.iam.gserviceaccount.com",
            "project": "azimuthtv10-347408",
            "role": "roles/compute.networkAdmin"
          },
          "sensitive_attributes": [],
          "private": "bnVsbA=="
        },
        {
          "index_key": "storage.admin",
          "schema_version": 0,
          "attributes": {
            "condition": [],
            "etag": "BwXjgrx0mCw=",
            "id": "azimuthtv10-347408/roles/storage.admin/serviceAccount:azimuth@azimuthtv10-347408.iam.gserviceaccount.com",
            "member": "serviceAccount:azimuth@azimuthtv10-347408.iam.gserviceaccount.com",
            "project": "azimuthtv10-347408",
            "role": "roles/storage.admin"
          },
          "sensitive_attributes": [],
          "private": "bnVsbA=="
        }
      ]
    },
    {
      "mode": "managed",
      "type": "google_service_account",
      "name": "SA",
      "provider": "provider[\"registry.terraform.io/hashicorp/google\"]",
      "instances": [
        {
          "schema_version": 0,
          "attributes": {
            "account_id": "azimuth",
            "description": "terraform_sa",
            "disabled": false,
            "display_name": "azimuth",
            "email": "azimuth@azimuthtv10-347408.iam.gserviceaccount.com",
            "id": "projects/azimuthtv10-347408/serviceAccounts/azimuth@azimuthtv10-347408.iam.gserviceaccount.com",
            "name": "projects/azimuthtv10-347408/serviceAccounts/azimuth@azimuthtv10-347408.iam.gserviceaccount.com",
            "project": "azimuthtv10-347408",
            "timeouts": null,
            "unique_id": "102911076239652691693"
          },
          "sensitive_attributes": [],
          "private": "eyJlMmJmYjczMC1lY2FhLTExZTYtOGY4OC0zNDM2M2JjN2M0YzAiOnsiY3JlYXRlIjozMDAwMDAwMDAwMDB9fQ=="
        }
      ]
    },
    {
      "mode": "managed",
      "type": "google_service_account",
      "name": "cluster_sa",
      "provider": "provider[\"registry.terraform.io/hashicorp/google\"]",
      "instances": [
        {
          "schema_version": 0,
          "attributes": {
            "account_id": "cluster-admin",
            "description": "cluster_sa",
            "disabled": false,
            "display_name": "cluster-admin",
            "email": "cluster-admin@azimuthtv10-347408.iam.gserviceaccount.com",
            "id": "projects/azimuthtv10-347408/serviceAccounts/cluster-admin@azimuthtv10-347408.iam.gserviceaccount.com",
            "name": "projects/azimuthtv10-347408/serviceAccounts/cluster-admin@azimuthtv10-347408.iam.gserviceaccount.com",
            "project": "azimuthtv10-347408",
            "timeouts": null,
            "unique_id": "100016111275443044254"
          },
          "sensitive_attributes": [],
          "private": "eyJlMmJmYjczMC1lY2FhLTExZTYtOGY4OC0zNDM2M2JjN2M0YzAiOnsiY3JlYXRlIjozMDAwMDAwMDAwMDB9fQ=="
        }
      ]
    },
    {
      "mode": "managed",
      "type": "google_service_networking_connection",
      "name": "private_vpc_connection",
      "provider": "provider[\"registry.terraform.io/hashicorp/google\"]",
      "instances": [
        {
          "schema_version": 0,
          "attributes": {
            "id": "projects%2Fazimuthtv10-347408%2Fglobal%2Fnetworks%2Faz-network:servicenetworking.googleapis.com",
            "network": "projects/azimuthtv10-347408/global/networks/az-network",
            "peering": "servicenetworking-googleapis-com",
            "reserved_peering_ranges": [
              "private-ip-address"
            ],
            "service": "servicenetworking.googleapis.com",
            "timeouts": null
          },
          "sensitive_attributes": [],
          "private": "eyJlMmJmYjczMC1lY2FhLTExZTYtOGY4OC0zNDM2M2JjN2M0YzAiOnsiY3JlYXRlIjo2MDAwMDAwMDAwMDAsImRlbGV0ZSI6NjAwMDAwMDAwMDAwLCJ1cGRhdGUiOjYwMDAwMDAwMDAwMH19",
          "dependencies": [
            "google_compute_global_address.private_ip_address",
            "module.network.google_compute_network.az-network"
          ]
        }
      ]
    },
    {
      "mode": "managed",
      "type": "google_sql_database_instance",
      "name": "db_instance",
      "provider": "provider[\"registry.terraform.io/hashicorp/google\"]",
      "instances": [
        {
          "schema_version": 0,
          "attributes": {
            "clone": [],
            "connection_name": "azimuthtv10-347408:europe-west3:db-bd870367",
            "database_version": "MYSQL_5_7",
            "deletion_protection": false,
            "first_ip_address": "10.147.0.3",
            "id": "db-bd870367",
            "ip_address": [
              {
                "ip_address": "10.147.0.3",
                "time_to_retire": "",
                "type": "PRIVATE"
              }
            ],
            "master_instance_name": "",
            "name": "db-bd870367",
            "private_ip_address": "10.147.0.3",
            "project": "azimuthtv10-347408",
            "public_ip_address": "",
            "region": "europe-west3",
            "replica_configuration": [],
            "restore_backup_context": [],
            "root_password": "mydbpassword",
            "self_link": "https://sqladmin.googleapis.com/sql/v1beta4/projects/azimuthtv10-347408/instances/db-bd870367",
            "server_ca_cert": [
              {
                "cert": "-----BEGIN CERTIFICATE-----\nMIIDfzCCAmegAwIBAgIBADANBgkqhkiG9w0BAQsFADB3MS0wKwYDVQQuEyQ3YmYz\nNTRiMy1lMWI5LTQ1NWUtOWRlOC1hYWNjYzdjN2NlMWYxIzAhBgNVBAMTGkdvb2ds\nZSBDbG91ZCBTUUwgU2VydmVyIENBMRQwEgYDVQQKEwtHb29nbGUsIEluYzELMAkG\nA1UEBhMCVVMwHhcNMjIwNzExMDc0ODQ4WhcNMzIwNzA4MDc0OTQ4WjB3MS0wKwYD\nVQQuEyQ3YmYzNTRiMy1lMWI5LTQ1NWUtOWRlOC1hYWNjYzdjN2NlMWYxIzAhBgNV\nBAMTGkdvb2dsZSBDbG91ZCBTUUwgU2VydmVyIENBMRQwEgYDVQQKEwtHb29nbGUs\nIEluYzELMAkGA1UEBhMCVVMwggEiMA0GCSqGSIb3DQEBAQUAA4IBDwAwggEKAoIB\nAQCQ6vW6nwuziFafLtE0aNiU3QhFTqrSyBneDz0H2TgFFy0gTfRr96oAf/UIFz54\nn9U16Usz8eI5mlIf6oBxHUVgAq6tkSQr/OEFrA1oNAlVPUK08FZiwgtwUKy439Y9\nFHZ0WJnsc5NXQ3LXRMMNPPY7cdvuue/lWwPoD+2hFqW+cFX9tDIRrqTuMnfO+Xqa\nDCD+SfCsvYWJZuMkrbP09geeYfaLo103jqxSVsoVHUm9hKVbBllgTiwxygydP8b2\nTqtiIdvBjVaOVrvfwE1RWJY+GP5L891jYPUwuXBJCn0tWss10jTRHxDBKyy4yeBt\nOvhhQrTkAeaixSq8Nqq6WzwzAgMBAAGjFjAUMBIGA1UdEwEB/wQIMAYBAf8CAQAw\nDQYJKoZIhvcNAQELBQADggEBAB3nuMy73pIuIF0Uj/0BonDcI2Npv6rtLAc4i0Hq\nSLrvRSIa+kZhj2F41utIpVWuFQIIKxtvqctCQ2/DaixW+iJbe0MvOFA5Sb7xuHvd\naGgFxpvwdXgQ1ITGr0h1rDtSzLKDSLvKt6mXPqNNW/XwBS/CVbGi5bsbtyGf+HuB\n3xWsGD00TsfZlu/Xp1NMy8pHwwHviHkT8uzsQPodMOS3nk0LMJEGZJbwGn3R3r/D\nYB2AabOwJNJllZwjURXTxY6Q1PbNmxgHwD9sAuXNvVKi9xaDXWriNmqfDoNlyUw3\nRSqtWetEdSmH8FA0RF9m4N4EFx6BZi5/qYmMOT7LbVZ1kV4=\n-----END CERTIFICATE-----",
                "common_name": "C=US,O=Google\\, Inc,CN=Google Cloud SQL Server CA,dnQualifier=7bf354b3-e1b9-455e-9de8-aaccc7c7ce1f",
                "create_time": "2022-07-11T07:48:48.089Z",
                "expiration_time": "2032-07-08T07:49:48.089Z",
                "sha1_fingerprint": "fb1b51e19ede3941e8b46cfaeaf947b2e744c0aa"
              }
            ],
            "service_account_email_address": "p877460517021-ci5p4t@gcp-sa-cloud-sql.iam.gserviceaccount.com",
            "settings": [
              {
                "activation_policy": "ALWAYS",
                "availability_type": "ZONAL",
                "backup_configuration": [
                  {
                    "backup_retention_settings": [
                      {
                        "retained_backups": 7,
                        "retention_unit": "COUNT"
                      }
                    ],
                    "binary_log_enabled": false,
                    "enabled": false,
                    "location": "",
                    "point_in_time_recovery_enabled": false,
                    "start_time": "17:00",
                    "transaction_log_retention_days": 7
                  }
                ],
                "collation": "",
                "database_flags": [],
                "disk_autoresize": true,
                "disk_autoresize_limit": 0,
                "disk_size": 10,
                "disk_type": "PD_SSD",
                "insights_config": [],
                "ip_configuration": [
                  {
                    "allocated_ip_range": "",
                    "authorized_networks": [],
                    "ipv4_enabled": false,
                    "private_network": "projects/azimuthtv10-347408/global/networks/az-network",
                    "require_ssl": false
                  }
                ],
                "location_preference": [
                  {
                    "follow_gae_application": "",
                    "zone": "europe-west3-b"
                  }
                ],
                "maintenance_window": [],
                "pricing_plan": "PER_USE",
                "tier": "db-f1-micro",
                "user_labels": {},
                "version": 1
              }
            ],
            "timeouts": null
          },
          "sensitive_attributes": [],
          "private": "eyJlMmJmYjczMC1lY2FhLTExZTYtOGY4OC0zNDM2M2JjN2M0YzAiOnsiY3JlYXRlIjoxODAwMDAwMDAwMDAwLCJkZWxldGUiOjE4MDAwMDAwMDAwMDAsInVwZGF0ZSI6MTgwMDAwMDAwMDAwMH19",
          "dependencies": [
            "google_compute_global_address.private_ip_address",
            "google_service_networking_connection.private_vpc_connection",
            "module.network.google_compute_network.az-network",
            "random_id.db_name_suffix"
          ]
        }
      ]
    },
    {
      "mode": "managed",
      "type": "google_sql_user",
      "name": "users",
      "provider": "provider[\"registry.terraform.io/hashicorp/google\"]",
      "instances": [
        {
          "schema_version": 1,
          "attributes": {
            "deletion_policy": null,
            "host": "",
            "id": "db_user//db-bd870367",
            "instance": "db-bd870367",
            "name": "db_user",
            "password": "db_password",
            "project": "azimuthtv10-347408",
            "timeouts": null,
            "type": ""
          },
          "sensitive_attributes": [],
          "private": "eyJlMmJmYjczMC1lY2FhLTExZTYtOGY4OC0zNDM2M2JjN2M0YzAiOnsiY3JlYXRlIjo2MDAwMDAwMDAwMDAsImRlbGV0ZSI6NjAwMDAwMDAwMDAwLCJ1cGRhdGUiOjYwMDAwMDAwMDAwMH0sInNjaGVtYV92ZXJzaW9uIjoiMSJ9",
          "dependencies": [
            "google_compute_global_address.private_ip_address",
            "google_service_networking_connection.private_vpc_connection",
            "google_sql_database_instance.db_instance",
            "module.network.google_compute_network.az-network",
            "random_id.db_name_suffix"
          ]
        }
      ]
    },
    {
      "mode": "managed",
      "type": "google_storage_bucket",
      "name": "azimuth-bucket",
      "provider": "provider[\"registry.terraform.io/hashicorp/google\"]",
      "instances": [
        {
          "schema_version": 0,
          "attributes": {
            "cors": [],
            "default_event_based_hold": false,
            "encryption": [],
            "force_destroy": true,
            "id": "azimuth-vr-bucket",
            "labels": null,
            "lifecycle_rule": [
              {
                "action": [
                  {
                    "storage_class": "",
                    "type": "Delete"
                  }
                ],
                "condition": [
                  {
                    "age": 7,
                    "created_before": "",
                    "custom_time_before": "",
                    "days_since_custom_time": 0,
                    "days_since_noncurrent_time": 0,
                    "matches_storage_class": [],
                    "noncurrent_time_before": "",
                    "num_newer_versions": 0,
                    "with_state": "ANY"
                  }
                ]
              }
            ],
            "location": "EU",
            "logging": [],
            "name": "azimuth-vr-bucket",
            "project": "azimuthtv10-347408",
            "requester_pays": false,
            "retention_policy": [],
            "self_link": "https://www.googleapis.com/storage/v1/b/azimuth-vr-bucket",
            "storage_class": "STANDARD",
            "timeouts": null,
            "uniform_bucket_level_access": true,
            "url": "gs://azimuth-vr-bucket",
            "versioning": [],
            "website": []
          },
          "sensitive_attributes": [],
          "private": "eyJlMmJmYjczMC1lY2FhLTExZTYtOGY4OC0zNDM2M2JjN2M0YzAiOnsiY3JlYXRlIjoyNDAwMDAwMDAwMDAsInJlYWQiOjI0MDAwMDAwMDAwMCwidXBkYXRlIjoyNDAwMDAwMDAwMDB9fQ=="
        }
      ]
    },
    {
      "mode": "managed",
      "type": "random_id",
      "name": "db_name_suffix",
      "provider": "provider[\"registry.terraform.io/hashicorp/random\"]",
      "instances": [
        {
          "schema_version": 0,
          "attributes": {
            "b64_std": "vYcDZw==",
            "b64_url": "vYcDZw",
            "byte_length": 4,
            "dec": "3179742055",
            "hex": "bd870367",
            "id": "vYcDZw",
            "keepers": null,
            "prefix": null
          },
          "sensitive_attributes": [],
          "private": "bnVsbA=="
        }
      ]
    },
    {
      "module": "module.http_https",
      "mode": "managed",
      "type": "google_compute_firewall",
      "name": "rules",
      "provider": "provider[\"registry.terraform.io/hashicorp/google\"]",
      "instances": [
        {
          "schema_version": 1,
          "attributes": {
            "allow": [
              {
                "ports": [
                  "80",
                  "443"
                ],
                "protocol": "tcp"
              }
            ],
            "creation_timestamp": "2022-07-11T00:45:38.088-07:00",
            "deny": [],
            "description": "",
            "destination_ranges": [],
            "direction": "INGRESS",
            "disabled": false,
            "enable_logging": null,
            "id": "projects/azimuthtv10-347408/global/firewalls/allow-http-https",
            "log_config": [],
            "name": "allow-http-https",
            "network": "https://www.googleapis.com/compute/v1/projects/azimuthtv10-347408/global/networks/az-network",
            "priority": 1000,
            "project": "azimuthtv10-347408",
            "self_link": "https://www.googleapis.com/compute/v1/projects/azimuthtv10-347408/global/firewalls/allow-http-https",
            "source_ranges": [
              "0.0.0.0/0"
            ],
            "source_service_accounts": null,
            "source_tags": null,
            "target_service_accounts": null,
            "target_tags": [
              "web"
            ],
            "timeouts": null
          },
          "sensitive_attributes": [],
          "private": "eyJlMmJmYjczMC1lY2FhLTExZTYtOGY4OC0zNDM2M2JjN2M0YzAiOnsiY3JlYXRlIjoxMjAwMDAwMDAwMDAwLCJkZWxldGUiOjEyMDAwMDAwMDAwMDAsInVwZGF0ZSI6MTIwMDAwMDAwMDAwMH0sInNjaGVtYV92ZXJzaW9uIjoiMSJ9",
          "dependencies": [
            "module.network.google_compute_network.az-network"
          ]
        }
      ]
    },
    {
      "module": "module.network",
      "mode": "managed",
      "type": "google_compute_network",
      "name": "az-network",
      "provider": "provider[\"registry.terraform.io/hashicorp/google\"]",
      "instances": [
        {
          "schema_version": 0,
          "attributes": {
            "auto_create_subnetworks": false,
            "delete_default_routes_on_create": false,
            "description": "",
            "gateway_ipv4": "",
            "id": "projects/azimuthtv10-347408/global/networks/az-network",
            "mtu": 0,
            "name": "az-network",
            "project": "azimuthtv10-347408",
            "routing_mode": "REGIONAL",
            "self_link": "https://www.googleapis.com/compute/v1/projects/azimuthtv10-347408/global/networks/az-network",
            "timeouts": null
          },
          "sensitive_attributes": [],
          "private": "eyJlMmJmYjczMC1lY2FhLTExZTYtOGY4OC0zNDM2M2JjN2M0YzAiOnsiY3JlYXRlIjoxMjAwMDAwMDAwMDAwLCJkZWxldGUiOjEyMDAwMDAwMDAwMDAsInVwZGF0ZSI6MTIwMDAwMDAwMDAwMH19"
        }
      ]
    },
    {
      "module": "module.ssh",
      "mode": "managed",
      "type": "google_compute_firewall",
      "name": "rules",
      "provider": "provider[\"registry.terraform.io/hashicorp/google\"]",
      "instances": [
        {
          "schema_version": 1,
          "attributes": {
            "allow": [
              {
                "ports": [
                  "22"
                ],
                "protocol": "tcp"
              }
            ],
            "creation_timestamp": "2022-07-11T00:45:38.286-07:00",
            "deny": [],
            "description": "",
            "destination_ranges": [],
            "direction": "INGRESS",
            "disabled": false,
            "enable_logging": null,
            "id": "projects/azimuthtv10-347408/global/firewalls/allow-ssh",
            "log_config": [],
            "name": "allow-ssh",
            "network": "https://www.googleapis.com/compute/v1/projects/azimuthtv10-347408/global/networks/az-network",
            "priority": 1000,
            "project": "azimuthtv10-347408",
            "self_link": "https://www.googleapis.com/compute/v1/projects/azimuthtv10-347408/global/firewalls/allow-ssh",
            "source_ranges": [
              "194.44.223.172/30"
            ],
            "source_service_accounts": null,
            "source_tags": null,
            "target_service_accounts": null,
            "target_tags": [
              "ssh"
            ],
            "timeouts": null
          },
          "sensitive_attributes": [],
          "private": "eyJlMmJmYjczMC1lY2FhLTExZTYtOGY4OC0zNDM2M2JjN2M0YzAiOnsiY3JlYXRlIjoxMjAwMDAwMDAwMDAwLCJkZWxldGUiOjEyMDAwMDAwMDAwMDAsInVwZGF0ZSI6MTIwMDAwMDAwMDAwMH0sInNjaGVtYV92ZXJzaW9uIjoiMSJ9",
          "dependencies": [
            "module.network.google_compute_network.az-network"
          ]
        }
      ]
    },
    {
      "module": "module.subnetwork",
      "mode": "managed",
      "type": "google_compute_subnetwork",
      "name": "az-subnet",
      "provider": "provider[\"registry.terraform.io/hashicorp/google\"]",
      "instances": [
        {
          "schema_version": 0,
          "attributes": {
            "creation_timestamp": "2022-07-11T00:45:39.763-07:00",
            "description": "",
            "external_ipv6_prefix": "",
            "fingerprint": null,
            "gateway_address": "10.0.0.1",
            "id": "projects/azimuthtv10-347408/regions/europe-west3/subnetworks/az-subnet",
            "ip_cidr_range": "10.0.0.0/18",
            "ipv6_access_type": "",
            "ipv6_cidr_range": "",
            "log_config": [
              {
                "aggregation_interval": "INTERVAL_10_MIN",
                "filter_expr": "true",
                "flow_sampling": 0.5,
                "metadata": "INCLUDE_ALL_METADATA",
                "metadata_fields": null
              }
            ],
            "name": "az-subnet",
            "network": "https://www.googleapis.com/compute/v1/projects/azimuthtv10-347408/global/networks/az-network",
            "private_ip_google_access": true,
            "private_ipv6_google_access": "DISABLE_GOOGLE_ACCESS",
            "project": "azimuthtv10-347408",
            "purpose": "PRIVATE",
            "region": "europe-west3",
            "role": "",
            "secondary_ip_range": [
              {
                "ip_cidr_range": "10.48.0.0/14",
                "range_name": "k8s-pod-range"
              },
              {
                "ip_cidr_range": "10.52.0.0/20",
                "range_name": "k8s-service-range"
              }
            ],
            "self_link": "https://www.googleapis.com/compute/v1/projects/azimuthtv10-347408/regions/europe-west3/subnetworks/az-subnet",
            "stack_type": "IPV4_ONLY",
            "timeouts": null
          },
          "sensitive_attributes": [],
          "private": "eyJlMmJmYjczMC1lY2FhLTExZTYtOGY4OC0zNDM2M2JjN2M0YzAiOnsiY3JlYXRlIjoxMjAwMDAwMDAwMDAwLCJkZWxldGUiOjEyMDAwMDAwMDAwMDAsInVwZGF0ZSI6MTIwMDAwMDAwMDAwMH19",
          "dependencies": [
            "module.network.google_compute_network.az-network"
          ]
        }
      ]
    }
  ]
}
