{
  "version": 4,
  "terraform_version": "1.1.3",
  "serial": 305,
  "lineage": "77fc5aa4-7d19-6c61-b557-86bd5c074a8c",
  "outputs": {
    "bastion_ip": {
      "value": "10.10.10.14",
      "type": "string"
    },
    "global_ip_address": {
      "value": "34.120.87.213",
      "type": "string"
    },
    "instances_foreach_id": {
      "value": [
        "projects/azimuthtv10-347408/zones/europe-west3-b/instances/vm1",
        "projects/azimuthtv10-347408/zones/europe-west3-b/instances/vm2"
      ],
      "type": [
        "tuple",
        [
          "string",
          "string"
        ]
      ]
    },
    "ip_address": {
      "value": "34.120.87.213",
      "type": "string"
    },
    "kubectl_command": {
      "value": "HTTPS_PROXY=localhost:8888 kubectl",
      "type": "string"
    },
    "network": {
      "value": "projects/azimuthtv10-347408/global/networks/az-network",
      "type": "string"
    },
    "ssh": {
      "value": "gcloud compute ssh bastion-host --project azimuthtv10-347408 --zone europe-west3-b -- -L8888:127.0.0.1:8888",
      "type": "string"
    },
    "vm_count_id": {
      "value": [
        "projects/azimuthtv10-347408/zones/europe-west3-b/instances/vm3",
        "projects/azimuthtv10-347408/zones/europe-west3-b/instances/vm4"
      ],
      "type": [
        "tuple",
        [
          "string",
          "string"
        ]
      ]
    }
  },
  "resources": [
    {
      "mode": "data",
      "type": "template_file",
      "name": "startup_script",
      "provider": "provider[\"registry.terraform.io/hashicorp/template\"]",
      "instances": [
        {
          "schema_version": 0,
          "attributes": {
            "filename": null,
            "id": "5342018eb1c9e1064c7484cc318ec9b657db7cf30d11973012b6b4bbdb6acad7",
            "rendered": "sudo apt-get update -y\nsudo apt-get install -y tinyproxy\n",
            "template": "sudo apt-get update -y\nsudo apt-get install -y tinyproxy\n",
            "vars": null
          },
          "sensitive_attributes": []
        }
      ]
    },
    {
      "mode": "managed",
      "type": "google_compute_global_address",
      "name": "lb_global_ip",
      "provider": "provider[\"registry.terraform.io/hashicorp/google\"]",
      "instances": [
        {
          "schema_version": 0,
          "attributes": {
            "address": "34.120.87.213",
            "address_type": "EXTERNAL",
            "creation_timestamp": "2022-06-09T07:04:24.098-07:00",
            "description": "",
            "id": "projects/azimuthtv10-347408/global/addresses/az-global-appserver-ip",
            "ip_version": "",
            "name": "az-global-appserver-ip",
            "network": "",
            "prefix_length": 0,
            "project": "azimuthtv10-347408",
            "purpose": "",
            "self_link": "https://www.googleapis.com/compute/v1/projects/azimuthtv10-347408/global/addresses/az-global-appserver-ip",
            "timeouts": null
          },
          "sensitive_attributes": [],
          "private": "eyJlMmJmYjczMC1lY2FhLTExZTYtOGY4OC0zNDM2M2JjN2M0YzAiOnsiY3JlYXRlIjoxMjAwMDAwMDAwMDAwLCJkZWxldGUiOjEyMDAwMDAwMDAwMDB9fQ=="
        }
      ]
    },
    {
      "mode": "managed",
      "type": "google_compute_instance",
      "name": "bastion",
      "provider": "provider[\"registry.terraform.io/hashicorp/google\"]",
      "instances": [
        {
          "schema_version": 6,
          "attributes": {
            "advanced_machine_features": [],
            "allow_stopping_for_update": true,
            "attached_disk": [],
            "boot_disk": [
              {
                "auto_delete": true,
                "device_name": "persistent-disk-0",
                "disk_encryption_key_raw": "",
                "disk_encryption_key_sha256": "",
                "initialize_params": [
                  {
                    "image": "https://www.googleapis.com/compute/v1/projects/debian-cloud/global/images/debian-10-buster-v20220519",
                    "labels": {},
                    "size": 10,
                    "type": "pd-standard"
                  }
                ],
                "kms_key_self_link": "",
                "mode": "READ_WRITE",
                "source": "https://www.googleapis.com/compute/v1/projects/azimuthtv10-347408/zones/europe-west3-b/disks/bastion-host"
              }
            ],
            "can_ip_forward": false,
            "confidential_instance_config": [],
            "cpu_platform": "AMD Rome",
            "current_status": "RUNNING",
            "deletion_protection": false,
            "description": "",
            "desired_status": null,
            "enable_display": false,
            "guest_accelerator": [],
            "hostname": "",
            "id": "projects/azimuthtv10-347408/zones/europe-west3-b/instances/bastion-host",
            "instance_id": "7213322221585939084",
            "label_fingerprint": "42WmSpB8rSM=",
            "labels": {},
            "machine_type": "e2-micro",
            "metadata": {},
            "metadata_fingerprint": "IAIRk5zlZvU=",
            "metadata_startup_script": "sudo apt-get update -y\nsudo apt-get install -y tinyproxy\n",
            "min_cpu_platform": "",
            "name": "bastion-host",
            "network_interface": [
              {
                "access_config": [
                  {
                    "nat_ip": "35.207.168.216",
                    "network_tier": "STANDARD",
                    "public_ptr_domain_name": ""
                  }
                ],
                "alias_ip_range": [],
                "ipv6_access_config": [],
                "ipv6_access_type": "",
                "name": "nic0",
                "network": "https://www.googleapis.com/compute/v1/projects/azimuthtv10-347408/global/networks/az-network",
                "network_ip": "10.10.10.14",
                "nic_type": "",
                "queue_count": 0,
                "stack_type": "IPV4_ONLY",
                "subnetwork": "https://www.googleapis.com/compute/v1/projects/azimuthtv10-347408/regions/europe-west3/subnetworks/az-subnet",
                "subnetwork_project": "azimuthtv10-347408"
              }
            ],
            "project": "azimuthtv10-347408",
            "reservation_affinity": [],
            "resource_policies": [],
            "scheduling": [
              {
                "automatic_restart": false,
                "min_node_cpus": 0,
                "node_affinities": [],
                "on_host_maintenance": "TERMINATE",
                "preemptible": true
              }
            ],
            "scratch_disk": [],
            "self_link": "https://www.googleapis.com/compute/v1/projects/azimuthtv10-347408/zones/europe-west3-b/instances/bastion-host",
            "service_account": [
              {
                "email": "azimuth@azimuthtv10-347408.iam.gserviceaccount.com",
                "scopes": [
                  "https://www.googleapis.com/auth/cloud-platform"
                ]
              }
            ],
            "shielded_instance_config": [
              {
                "enable_integrity_monitoring": true,
                "enable_secure_boot": true,
                "enable_vtpm": true
              }
            ],
            "tags": [
              "ssh"
            ],
            "tags_fingerprint": "pfSjJj1RiUg=",
            "timeouts": null,
            "zone": "europe-west3-b"
          },
          "sensitive_attributes": [],
          "private": "eyJlMmJmYjczMC1lY2FhLTExZTYtOGY4OC0zNDM2M2JjN2M0YzAiOnsiY3JlYXRlIjoxMjAwMDAwMDAwMDAwLCJkZWxldGUiOjEyMDAwMDAwMDAwMDAsInVwZGF0ZSI6MTIwMDAwMDAwMDAwMH0sInNjaGVtYV92ZXJzaW9uIjoiNiJ9",
          "dependencies": [
            "data.template_file.startup_script",
            "google_service_account.SA"
          ]
        }
      ]
    },
    {
      "mode": "managed",
      "type": "google_compute_route",
      "name": "egress_internet",
      "provider": "provider[\"registry.terraform.io/hashicorp/google\"]",
      "instances": [
        {
          "schema_version": 0,
          "attributes": {
            "description": "",
            "dest_range": "0.0.0.0/0",
            "id": "projects/azimuthtv10-347408/global/routes/egress-internet",
            "name": "egress-internet",
            "network": "https://www.googleapis.com/compute/v1/projects/azimuthtv10-347408/global/networks/az-network",
            "next_hop_gateway": "https://www.googleapis.com/compute/v1/projects/azimuthtv10-347408/global/gateways/default-internet-gateway",
            "next_hop_ilb": "",
            "next_hop_instance": "",
            "next_hop_instance_zone": null,
            "next_hop_ip": "",
            "next_hop_network": "",
            "next_hop_vpn_tunnel": "",
            "priority": 1000,
            "project": "azimuthtv10-347408",
            "self_link": "https://www.googleapis.com/compute/v1/projects/azimuthtv10-347408/global/routes/egress-internet",
            "tags": [],
            "timeouts": null
          },
          "sensitive_attributes": [],
          "private": "eyJlMmJmYjczMC1lY2FhLTExZTYtOGY4OC0zNDM2M2JjN2M0YzAiOnsiY3JlYXRlIjoxMjAwMDAwMDAwMDAwLCJkZWxldGUiOjEyMDAwMDAwMDAwMDB9fQ=="
        }
      ]
    },
    {
      "mode": "managed",
      "type": "google_compute_router",
      "name": "router",
      "provider": "provider[\"registry.terraform.io/hashicorp/google\"]",
      "instances": [
        {
          "schema_version": 0,
          "attributes": {
            "bgp": [
              {
                "advertise_mode": "DEFAULT",
                "advertised_groups": [],
                "advertised_ip_ranges": [],
                "asn": 64514,
                "keepalive_interval": 20
              }
            ],
            "creation_timestamp": "2022-06-09T07:04:35.997-07:00",
            "description": "",
            "encrypted_interconnect_router": false,
            "id": "projects/azimuthtv10-347408/regions/europe-west3/routers/az-router",
            "name": "az-router",
            "network": "https://www.googleapis.com/compute/v1/projects/azimuthtv10-347408/global/networks/az-network",
            "project": "azimuthtv10-347408",
            "region": "europe-west3",
            "self_link": "https://www.googleapis.com/compute/v1/projects/azimuthtv10-347408/regions/europe-west3/routers/az-router",
            "timeouts": null
          },
          "sensitive_attributes": [],
          "private": "eyJlMmJmYjczMC1lY2FhLTExZTYtOGY4OC0zNDM2M2JjN2M0YzAiOnsiY3JlYXRlIjoxMjAwMDAwMDAwMDAwLCJkZWxldGUiOjEyMDAwMDAwMDAwMDAsInVwZGF0ZSI6MTIwMDAwMDAwMDAwMH19",
          "dependencies": [
            "module.network.google_compute_network.az-network"
          ]
        }
      ]
    },
    {
      "mode": "managed",
      "type": "google_compute_router_nat",
      "name": "nat",
      "provider": "provider[\"registry.terraform.io/hashicorp/google\"]",
      "instances": [
        {
          "schema_version": 0,
          "attributes": {
            "drain_nat_ips": [],
            "enable_endpoint_independent_mapping": true,
            "icmp_idle_timeout_sec": 30,
            "id": "azimuthtv10-347408/europe-west3/az-router/az-router-nat",
            "log_config": [
              {
                "enable": true,
                "filter": "ERRORS_ONLY"
              }
            ],
            "min_ports_per_vm": 0,
            "name": "az-router-nat",
            "nat_ip_allocate_option": "AUTO_ONLY",
            "nat_ips": [],
            "project": "azimuthtv10-347408",
            "region": "europe-west3",
            "router": "az-router",
            "source_subnetwork_ip_ranges_to_nat": "ALL_SUBNETWORKS_ALL_IP_RANGES",
            "subnetwork": [],
            "tcp_established_idle_timeout_sec": 1200,
            "tcp_transitory_idle_timeout_sec": 30,
            "timeouts": null,
            "udp_idle_timeout_sec": 30
          },
          "sensitive_attributes": [],
          "private": "eyJlMmJmYjczMC1lY2FhLTExZTYtOGY4OC0zNDM2M2JjN2M0YzAiOnsiY3JlYXRlIjoxMjAwMDAwMDAwMDAwLCJkZWxldGUiOjEyMDAwMDAwMDAwMDAsInVwZGF0ZSI6MTIwMDAwMDAwMDAwMH19",
          "dependencies": [
            "google_compute_router.router",
            "module.network.google_compute_network.az-network"
          ]
        }
      ]
    },
    {
      "mode": "managed",
      "type": "google_container_cluster",
      "name": "test_cluster",
      "provider": "provider[\"registry.terraform.io/hashicorp/google\"]",
      "instances": [
        {
          "schema_version": 1,
          "attributes": {
            "addons_config": [
              {
                "cloudrun_config": [],
                "gcp_filestore_csi_driver_config": [
                  {
                    "enabled": true
                  }
                ],
                "horizontal_pod_autoscaling": [],
                "http_load_balancing": [],
                "network_policy_config": [
                  {
                    "disabled": true
                  }
                ]
              }
            ],
            "authenticator_groups_config": [],
            "cluster_autoscaling": [
              {
                "auto_provisioning_defaults": [
                  {
                    "image_type": "COS_CONTAINERD",
                    "oauth_scopes": [
                      "https://www.googleapis.com/auth/devstorage.read_only",
                      "https://www.googleapis.com/auth/logging.write",
                      "https://www.googleapis.com/auth/monitoring",
                      "https://www.googleapis.com/auth/service.management.readonly",
                      "https://www.googleapis.com/auth/servicecontrol",
                      "https://www.googleapis.com/auth/trace.append"
                    ],
                    "service_account": "default"
                  }
                ],
                "enabled": true,
                "resource_limits": [
                  {
                    "maximum": 1000000000,
                    "minimum": 0,
                    "resource_type": "cpu"
                  },
                  {
                    "maximum": 1000000000,
                    "minimum": 0,
                    "resource_type": "memory"
                  }
                ]
              }
            ],
            "cluster_ipv4_cidr": "10.101.0.0/16",
            "confidential_nodes": [],
            "database_encryption": [
              {
                "key_name": "",
                "state": "DECRYPTED"
              }
            ],
            "datapath_provider": "",
            "default_max_pods_per_node": 110,
            "default_snat_status": [
              {
                "disabled": false
              }
            ],
            "description": "",
            "dns_config": [],
            "enable_autopilot": true,
            "enable_binary_authorization": false,
            "enable_intranode_visibility": true,
            "enable_kubernetes_alpha": false,
            "enable_legacy_abac": false,
            "enable_shielded_nodes": true,
            "enable_tpu": false,
            "endpoint": "10.100.100.2",
            "id": "projects/azimuthtv10-347408/locations/europe-west3/clusters/azimuthtv10-347408-gke",
            "initial_node_count": 1,
            "ip_allocation_policy": [
              {
                "cluster_ipv4_cidr_block": "10.101.0.0/16",
                "cluster_secondary_range_name": "gke-azimuthtv10-347408-gke-pods-5b7bdadd",
                "services_ipv4_cidr_block": "10.102.0.0/16",
                "services_secondary_range_name": "gke-azimuthtv10-347408-gke-services-5b7bdadd"
              }
            ],
            "label_fingerprint": "a9dc16a7",
            "location": "europe-west3",
            "logging_config": [
              {
                "enable_components": [
                  "SYSTEM_COMPONENTS",
                  "WORKLOADS"
                ]
              }
            ],
            "logging_service": "logging.googleapis.com/kubernetes",
            "maintenance_policy": [
              {
                "daily_maintenance_window": [
                  {
                    "duration": "PT4H0M0S",
                    "start_time": "02:00"
                  }
                ],
                "maintenance_exclusion": [],
                "recurring_window": []
              }
            ],
            "master_auth": [
              {
                "client_certificate": "",
                "client_certificate_config": [
                  {
                    "issue_client_certificate": false
                  }
                ],
                "client_key": "",
                "cluster_ca_certificate": "LS0tLS1CRUdJTiBDRVJUSUZJQ0FURS0tLS0tCk1JSUVMRENDQXBTZ0F3SUJBZ0lRSmh4b1RyUm1YWCtQQU5xcXIxZmY2akFOQmdrcWhraUc5dzBCQVFzRkFEQXYKTVMwd0t3WURWUVFERXlSall6Z3pOV0ZpWkMwd01qSXdMVFJqT0RNdFlXSTJZaTFoTnpnd05EZ3pOamt3TnpNdwpJQmNOTWpJd05qQTVNVE14T0RReFdoZ1BNakExTWpBMk1ERXhOREU0TkRGYU1DOHhMVEFyQmdOVkJBTVRKR05qCk9ETTFZV0prTFRBeU1qQXROR000TXkxaFlqWmlMV0UzT0RBME9ETTJPVEEzTXpDQ0FhSXdEUVlKS29aSWh2Y04KQVFFQkJRQURnZ0dQQURDQ0FZb0NnZ0dCQU9acmZhTWlhYzcyQnc5V0F3Z3ozQSs4aDJwZ1licUw4WS84bVlmSQorMXpBWjFJQ0ZTVTd2OFdZZ0EyRTBNSW80MWJLd2tCbnp3MzE0OWl2WFcvRUZ6cXN4MWpTblNQSi8yTndxSzlDCmNEcS9GclNDMnhFa2tWR09yVStGeElkYTJSRVk1UmZWTGRQQXk3WTc0Z2ljeWl1WHRPT0d3SVJqWmtsNDg4M0UKRXhOaUNNSmwyUERNTVM5OGZJQXpleTAzSGNwZE14VHJReGZqdFR3U2paVFdnQmZuNVExTDIvMllHNjN5dG0rWQoveS9ReW1lOWRtbEVBU1ZBYXludHFJVmtjMmVBUHFraDliemd2U3V5OHBqckZ2VnBSQUsyZFAzaDlxbisxaHBICkhKcW9mTUw1TlprNm91ckdBY1ZZYm5RcmlHY0pBZXBCeUl0RUFNcFlGRUlRa1J6S2dRQ3RGak1sT2R5WDVPa3QKdWludCtTOUZVSzFMajFpRHdFUTFuOTFFS0s5a1N1MVJwTnpCRmY3UHNHY05nQnlVU3BlN2l2VXJpVkFoalp3cwpkTHczeFpWOFU2bUVhUkh6VVgzTE5UZW1BOG1XUE9yTlVsc3BFODA3MmRuYWdqNzlOWmptYXFFbElMNy9LU1JnCjVueG9UdC9VVWVkRWRQaU8xZmJ5Z2YyamN3SURBUUFCbzBJd1FEQU9CZ05WSFE4QkFmOEVCQU1DQWdRd0R3WUQKVlIwVEFRSC9CQVV3QXdFQi96QWRCZ05WSFE0RUZnUVV1dVhQSFVOZ0FwUkhmU1Z6UWJjRkhuc2VrMlV3RFFZSgpLb1pJaHZjTkFRRUxCUUFEZ2dHQkFOU3BvOWJ4S2tOdUtUYmFLelJ0eksweUNYQkxuRVE2NzZGVHJ2NXZqZkxJCnEwd2dxbTUyRWZLVlFCby9BSGc0T2o4bUNXQzRDRlRlNjNaYW5pc2pHSFBiVTJmbDRmRWowUmxvTGQyckI0Tk4KSWMxcTVuQVJqYmNneTFDZTZrRWJFRUhVTFFWSmtqUGl6cllTdFozT3Rnb0Z6cTJlV1lsSHdiRXZoT2pBR2pnZQpPdnlINlFOcVg0bGRqZUVPOGNtaFVlTW9nUng3Zkx2V09SZ2RaWVlKRncrWTlFc3puQlArblpWUnRsUE9rUzdkCjBmeFJBSWhKMnBsOFZGaWhsWDBRVmJjQURVb0VWWTRHWWpEZUJWb0VqQjhqaTgycW1DRUFkZjZ5NnZGVWE0aTYKcmF0clVFUTZqZGVNK0JnS3A5b0JoWlgyd3J3clNXSlo0UTdUdllicVgvWW00dVhVdWRha1lkRklHdFRwbjljNwpJcGlMOE1SWGI2VS9KOW1tc3UyRjlqY0pkOG9lanVObnVwOTl2dTc3b0lrQzgvOVJiOUpQWFZpd1cyZlI3Rk5LCklYUzNhNjMvMDIxM2pBdEl1cU5la25BZFB5ZUk4UWpsems5QWVHVExYTlZNMEtCbXpEQjZ3OHVFb2F5MFpsejgKRzdMYlQwL2dMejduNHROeUprSVg3QT09Ci0tLS0tRU5EIENFUlRJRklDQVRFLS0tLS0K"
              }
            ],
            "master_authorized_networks_config": [
              {
                "cidr_blocks": [
                  {
                    "cidr_block": "10.100.100.0/28",
                    "display_name": "External Control Plane access"
                  }
                ]
              }
            ],
            "master_version": "1.21.11-gke.1100",
            "min_master_version": null,
            "monitoring_config": [
              {
                "enable_components": [
                  "SYSTEM_COMPONENTS"
                ]
              }
            ],
            "monitoring_service": "monitoring.googleapis.com/kubernetes",
            "name": "azimuthtv10-347408-gke",
            "network": "projects/azimuthtv10-347408/global/networks/az-network",
            "network_policy": [
              {
                "enabled": false,
                "provider": "PROVIDER_UNSPECIFIED"
              }
            ],
            "networking_mode": "VPC_NATIVE",
            "node_config": [
              {
                "boot_disk_kms_key": "",
                "disk_size_gb": 100,
                "disk_type": "pd-standard",
                "gcfs_config": [],
                "guest_accelerator": [],
                "gvnic": [],
                "image_type": "COS_CONTAINERD",
                "labels": {},
                "local_ssd_count": 0,
                "machine_type": "e2-medium",
                "metadata": {
                  "disable-legacy-endpoints": "true"
                },
                "min_cpu_platform": "",
                "node_group": "",
                "oauth_scopes": [
                  "https://www.googleapis.com/auth/devstorage.read_only",
                  "https://www.googleapis.com/auth/logging.write",
                  "https://www.googleapis.com/auth/monitoring",
                  "https://www.googleapis.com/auth/service.management.readonly",
                  "https://www.googleapis.com/auth/servicecontrol",
                  "https://www.googleapis.com/auth/trace.append"
                ],
                "preemptible": false,
                "service_account": "default",
                "shielded_instance_config": [
                  {
                    "enable_integrity_monitoring": true,
                    "enable_secure_boot": true
                  }
                ],
                "tags": [],
                "taint": [],
                "workload_metadata_config": [
                  {
                    "mode": "GKE_METADATA"
                  }
                ]
              }
            ],
            "node_locations": [
              "europe-west3-a",
              "europe-west3-b",
              "europe-west3-c"
            ],
            "node_pool": [
              {
                "autoscaling": [
                  {
                    "max_node_count": 1000,
                    "min_node_count": 0
                  }
                ],
                "initial_node_count": 1,
                "instance_group_urls": [],
                "managed_instance_group_urls": [],
                "management": [
                  {
                    "auto_repair": true,
                    "auto_upgrade": true
                  }
                ],
                "max_pods_per_node": 32,
                "name": "default-pool",
                "name_prefix": "",
                "node_config": [
                  {
                    "boot_disk_kms_key": "",
                    "disk_size_gb": 100,
                    "disk_type": "pd-standard",
                    "gcfs_config": [],
                    "guest_accelerator": [],
                    "gvnic": [],
                    "image_type": "COS_CONTAINERD",
                    "labels": {},
                    "local_ssd_count": 0,
                    "machine_type": "e2-medium",
                    "metadata": {
                      "disable-legacy-endpoints": "true"
                    },
                    "min_cpu_platform": "",
                    "node_group": "",
                    "oauth_scopes": [
                      "https://www.googleapis.com/auth/devstorage.read_only",
                      "https://www.googleapis.com/auth/logging.write",
                      "https://www.googleapis.com/auth/monitoring",
                      "https://www.googleapis.com/auth/service.management.readonly",
                      "https://www.googleapis.com/auth/servicecontrol",
                      "https://www.googleapis.com/auth/trace.append"
                    ],
                    "preemptible": false,
                    "service_account": "default",
                    "shielded_instance_config": [
                      {
                        "enable_integrity_monitoring": true,
                        "enable_secure_boot": true
                      }
                    ],
                    "tags": [],
                    "taint": [],
                    "workload_metadata_config": [
                      {
                        "mode": "GKE_METADATA"
                      }
                    ]
                  }
                ],
                "node_count": 0,
                "node_locations": [
                  "europe-west3-a",
                  "europe-west3-b"
                ],
                "upgrade_settings": [
                  {
                    "max_surge": 1,
                    "max_unavailable": 0
                  }
                ],
                "version": "1.21.11-gke.1100"
              }
            ],
            "node_version": "1.21.11-gke.1100",
            "operation": null,
            "private_cluster_config": [
              {
                "enable_private_endpoint": true,
                "enable_private_nodes": true,
                "master_global_access_config": [
                  {
                    "enabled": false
                  }
                ],
                "master_ipv4_cidr_block": "10.100.100.0/28",
                "peering_name": "gke-n6cd8fb7a9723b6063a0-5dc7-c799-peer",
                "private_endpoint": "10.100.100.2",
                "public_endpoint": "34.89.130.246"
              }
            ],
            "private_ipv6_google_access": "",
            "project": "azimuthtv10-347408",
            "release_channel": [
              {
                "channel": "STABLE"
              }
            ],
            "remove_default_node_pool": null,
            "resource_labels": {},
            "resource_usage_export_config": [],
            "self_link": "https://container.googleapis.com/v1/projects/azimuthtv10-347408/locations/europe-west3/clusters/azimuthtv10-347408-gke",
            "services_ipv4_cidr": "10.102.0.0/16",
            "subnetwork": "projects/azimuthtv10-347408/regions/europe-west3/subnetworks/az-subnet",
            "timeouts": null,
            "tpu_ipv4_cidr_block": "",
            "vertical_pod_autoscaling": [
              {
                "enabled": true
              }
            ],
            "workload_identity_config": [
              {
                "workload_pool": "azimuthtv10-347408.svc.id.goog"
              }
            ]
          },
          "sensitive_attributes": [],
          "private": "eyJlMmJmYjczMC1lY2FhLTExZTYtOGY4OC0zNDM2M2JjN2M0YzAiOnsiY3JlYXRlIjoyNDAwMDAwMDAwMDAwLCJkZWxldGUiOjI0MDAwMDAwMDAwMDAsInJlYWQiOjI0MDAwMDAwMDAwMDAsInVwZGF0ZSI6MzYwMDAwMDAwMDAwMH0sInNjaGVtYV92ZXJzaW9uIjoiMSJ9"
        }
      ]
    },
    {
      "mode": "managed",
      "type": "google_project_iam_member",
      "name": "project_roles",
      "provider": "provider[\"registry.terraform.io/hashicorp/google\"]",
      "instances": [
        {
          "index_key": "compute.networkAdmin",
          "schema_version": 0,
          "attributes": {
            "condition": [],
            "etag": "BwXhBEzLFRM=",
            "id": "azimuthtv10-347408/roles/compute.networkAdmin/serviceAccount:azimuth@azimuthtv10-347408.iam.gserviceaccount.com",
            "member": "serviceAccount:azimuth@azimuthtv10-347408.iam.gserviceaccount.com",
            "project": "azimuthtv10-347408",
            "role": "roles/compute.networkAdmin"
          },
          "sensitive_attributes": [],
          "private": "bnVsbA=="
        }
      ]
    },
    {
      "mode": "managed",
      "type": "google_service_account",
      "name": "SA",
      "provider": "provider[\"registry.terraform.io/hashicorp/google\"]",
      "instances": [
        {
          "schema_version": 0,
          "attributes": {
            "account_id": "azimuth",
            "description": "terraform_sa",
            "disabled": false,
            "display_name": "azimuth",
            "email": "azimuth@azimuthtv10-347408.iam.gserviceaccount.com",
            "id": "projects/azimuthtv10-347408/serviceAccounts/azimuth@azimuthtv10-347408.iam.gserviceaccount.com",
            "name": "projects/azimuthtv10-347408/serviceAccounts/azimuth@azimuthtv10-347408.iam.gserviceaccount.com",
            "project": "azimuthtv10-347408",
            "timeouts": null,
            "unique_id": "100699124135081588591"
          },
          "sensitive_attributes": [],
          "private": "eyJlMmJmYjczMC1lY2FhLTExZTYtOGY4OC0zNDM2M2JjN2M0YzAiOnsiY3JlYXRlIjozMDAwMDAwMDAwMDB9fQ=="
        }
      ]
    },
    {
      "mode": "managed",
      "type": "google_storage_bucket",
      "name": "azimuth-bucket",
      "provider": "provider[\"registry.terraform.io/hashicorp/google\"]",
      "instances": [
        {
          "schema_version": 0,
          "attributes": {
            "cors": [],
            "default_event_based_hold": false,
            "encryption": [],
            "force_destroy": true,
            "id": "azimuth-vr-bucket",
            "labels": {},
            "lifecycle_rule": [
              {
                "action": [
                  {
                    "storage_class": "",
                    "type": "Delete"
                  }
                ],
                "condition": [
                  {
                    "age": 7,
                    "created_before": "",
                    "custom_time_before": "",
                    "days_since_custom_time": 0,
                    "days_since_noncurrent_time": 0,
                    "matches_storage_class": [],
                    "noncurrent_time_before": "",
                    "num_newer_versions": 0,
                    "with_state": "ANY"
                  }
                ]
              }
            ],
            "location": "EU",
            "logging": [],
            "name": "azimuth-vr-bucket",
            "project": "azimuthtv10-347408",
            "requester_pays": false,
            "retention_policy": [],
            "self_link": "https://www.googleapis.com/storage/v1/b/azimuth-vr-bucket",
            "storage_class": "STANDARD",
            "timeouts": null,
            "uniform_bucket_level_access": true,
            "url": "gs://azimuth-vr-bucket",
            "versioning": [],
            "website": []
          },
          "sensitive_attributes": [],
          "private": "eyJlMmJmYjczMC1lY2FhLTExZTYtOGY4OC0zNDM2M2JjN2M0YzAiOnsiY3JlYXRlIjoyNDAwMDAwMDAwMDAsInJlYWQiOjI0MDAwMDAwMDAwMCwidXBkYXRlIjoyNDAwMDAwMDAwMDB9fQ=="
        }
      ]
    },
    {
      "module": "module.bastion_ssh",
      "mode": "managed",
      "type": "google_compute_firewall",
      "name": "rules",
      "provider": "provider[\"registry.terraform.io/hashicorp/google\"]",
      "instances": [
        {
          "schema_version": 1,
          "attributes": {
            "allow": [
              {
                "ports": [
                  "22"
                ],
                "protocol": "tcp"
              }
            ],
            "creation_timestamp": "2022-06-09T07:04:35.759-07:00",
            "deny": [],
            "description": "",
            "destination_ranges": [],
            "direction": "INGRESS",
            "disabled": false,
            "enable_logging": null,
            "id": "projects/azimuthtv10-347408/global/firewalls/bastion-ssh",
            "log_config": [],
            "name": "bastion-ssh",
            "network": "https://www.googleapis.com/compute/v1/projects/azimuthtv10-347408/global/networks/az-network",
            "priority": 1000,
            "project": "azimuthtv10-347408",
            "self_link": "https://www.googleapis.com/compute/v1/projects/azimuthtv10-347408/global/firewalls/bastion-ssh",
            "source_ranges": [
              "194.44.223.172/30"
            ],
            "source_service_accounts": [],
            "source_tags": [],
            "target_service_accounts": [],
            "target_tags": [
              "ssh"
            ],
            "timeouts": null
          },
          "sensitive_attributes": [],
          "private": "eyJlMmJmYjczMC1lY2FhLTExZTYtOGY4OC0zNDM2M2JjN2M0YzAiOnsiY3JlYXRlIjoxMjAwMDAwMDAwMDAwLCJkZWxldGUiOjEyMDAwMDAwMDAwMDAsInVwZGF0ZSI6MTIwMDAwMDAwMDAwMH0sInNjaGVtYV92ZXJzaW9uIjoiMSJ9",
          "dependencies": [
            "module.network.google_compute_network.az-network"
          ]
        }
      ]
    },
    {
      "module": "module.http_https",
      "mode": "managed",
      "type": "google_compute_firewall",
      "name": "rules",
      "provider": "provider[\"registry.terraform.io/hashicorp/google\"]",
      "instances": [
        {
          "schema_version": 1,
          "attributes": {
            "allow": [
              {
                "ports": [
                  "80",
                  "443"
                ],
                "protocol": "tcp"
              }
            ],
            "creation_timestamp": "2022-06-09T07:04:35.771-07:00",
            "deny": [],
            "description": "",
            "destination_ranges": [],
            "direction": "INGRESS",
            "disabled": false,
            "enable_logging": null,
            "id": "projects/azimuthtv10-347408/global/firewalls/allow-http-https",
            "log_config": [],
            "name": "allow-http-https",
            "network": "https://www.googleapis.com/compute/v1/projects/azimuthtv10-347408/global/networks/az-network",
            "priority": 1000,
            "project": "azimuthtv10-347408",
            "self_link": "https://www.googleapis.com/compute/v1/projects/azimuthtv10-347408/global/firewalls/allow-http-https",
            "source_ranges": [
              "0.0.0.0/0"
            ],
            "source_service_accounts": [],
            "source_tags": [],
            "target_service_accounts": [],
            "target_tags": [
              "web"
            ],
            "timeouts": null
          },
          "sensitive_attributes": [],
          "private": "eyJlMmJmYjczMC1lY2FhLTExZTYtOGY4OC0zNDM2M2JjN2M0YzAiOnsiY3JlYXRlIjoxMjAwMDAwMDAwMDAwLCJkZWxldGUiOjEyMDAwMDAwMDAwMDAsInVwZGF0ZSI6MTIwMDAwMDAwMDAwMH0sInNjaGVtYV92ZXJzaW9uIjoiMSJ9",
          "dependencies": [
            "module.network.google_compute_network.az-network"
          ]
        }
      ]
    },
    {
      "module": "module.instances[\"vm1\"]",
      "mode": "managed",
      "type": "google_compute_instance",
      "name": "vms",
      "provider": "provider[\"registry.terraform.io/hashicorp/google\"]",
      "instances": [
        {
          "schema_version": 6,
          "attributes": {
            "advanced_machine_features": [],
            "allow_stopping_for_update": true,
            "attached_disk": [],
            "boot_disk": [
              {
                "auto_delete": true,
                "device_name": "persistent-disk-0",
                "disk_encryption_key_raw": "",
                "disk_encryption_key_sha256": "",
                "initialize_params": [
                  {
                    "image": "https://www.googleapis.com/compute/v1/projects/centos-cloud/global/images/centos-7-v20220519",
                    "labels": {},
                    "size": 20,
                    "type": "pd-standard"
                  }
                ],
                "kms_key_self_link": "",
                "mode": "READ_WRITE",
                "source": "https://www.googleapis.com/compute/v1/projects/azimuthtv10-347408/zones/europe-west3-b/disks/vm1"
              }
            ],
            "can_ip_forward": false,
            "confidential_instance_config": [],
            "cpu_platform": "Intel Broadwell",
            "current_status": "RUNNING",
            "deletion_protection": false,
            "description": "",
            "desired_status": null,
            "enable_display": false,
            "guest_accelerator": [],
            "hostname": "",
            "id": "projects/azimuthtv10-347408/zones/europe-west3-b/instances/vm1",
            "instance_id": "3186755459206627555",
            "label_fingerprint": "42WmSpB8rSM=",
            "labels": {},
            "machine_type": "g1-small",
            "metadata": {
              "block-project-ssh-keys": "true",
              "enable-oslogin": "false",
              "ssh-keys": "    admin:ssh-rsa AAAAB3NzaC1yc2EAAAADAQABAAABgQC9xQdGKRGXZGPWpDzhFukeu9anyva+Q7XkhCJcs6SAlu8QeuzsYwMbYuNwQOFOPzEeK5G6UTbaBMJ3NMXTrc3QwkVL2Wi+hQoPGK/kGvazxWtnpSzWcrksnYWeMo8il3BY+pXSOkuq0Yd8WmW6o+yMEV4x3ThsjtFzyGZ7Y2djTU8KqC3JL49USN+0w7bgAFtCGj4YqOR3z7e3NcdxZ49VCtZKFD3/d6zblbqepW5T8ht2PW2QSGb4nH7Nx+OeZuId2afogCoCFRHVQhMpHf6/IdnyaGGHqiwX+og81nEzGobTd42mGj4kdNBIwPAnpI3mACJLoHj75NB0ns10CRW1rWXxn0w1wzZmwA/TSjWGuieGpjSsvKcn/upoPmj6pDa7/I0jNVOhgSxjuqj/v98D995r7JkHPjOEkptZf37lWUeulS5Wh0HaQwErWb0K3huXX8ZdlUuJ1Xq9/V9eg0OxSSk6e/zsMuXxGLrf2yDKDr+Ev4ssCQgeZ2CaznRFfBs= admin@DESKTOP-9EEH9LJ\n\n"
            },
            "metadata_fingerprint": "xB8_eTs5W5E=",
            "metadata_startup_script": "#!/bin/bash\n      sudo set -euo pipefail\n\n      sudo export DEBIAN_FRONTEND=noninteractive\n      sudo yum update -y \u0026\u0026 yum upgrade -y\n      curl -L --output cloudflared.rpm https://github.com/cloudflare/cloudflared/releases/latest/download/cloudflared-linux-x86_64.rpm \u0026\u0026\n      sudo yum localinstall -y cloudflared.rpm \u0026\u0026\n      sudo cloudflared service install eyJhIjoiNDQ4ZWU4MGE1YzdhMWExZTcxZjkzMWZlZThjYzgyZTMiLCJ0IjoiYWUxNTQ2ZjgtNzJjMS00OGUyLTg4YzMtMjhlNTk1MTM3MTM4IiwicyI6Ill6UXlOR1kwT0dRdE5qazVZaTAwWkdOaExXSTVaREl0TldRNU5UY3hZemxpTWpZNCJ9\n      sudo systemctl enable cloudflared\n      sudo yum install jq -y\n      sudo yum install -y nginx\n      sudo systemctl enable nginx\n      sudo systemctl start nginx\n\n      NAME=$(curl -H \"Metadata-Flavor: Google\" \"http://metadata.google.internal/computeMetadata/v1/instance/hostname\")\n      IP=$(curl -H \"Metadata-Flavor: Google\" \"http://metadata.google.internal/computeMetadata/v1/instance/network-interfaces/0/ip\")\n      METADATA=$(curl -f -H \"Metadata-Flavor: Google\" \"http://metadata.google.internal/computeMetadata/v1/instance/attributes/?recursive=True\" | jq 'del(.[\"startup-script\"])')\n\n      sudo cat \u003c\u003cEOF \u003e /usr/share/nginx/html/index.html\n\u003cpre\u003e\nName: $NAME\nIP: $IP\nMetadata: $METADATA\n\u003c/pre\u003e\nEOF",
            "min_cpu_platform": "",
            "name": "vm1",
            "network_interface": [
              {
                "access_config": [],
                "alias_ip_range": [],
                "ipv6_access_config": [],
                "ipv6_access_type": "",
                "name": "nic0",
                "network": "https://www.googleapis.com/compute/v1/projects/azimuthtv10-347408/global/networks/az-network",
                "network_ip": "10.10.10.2",
                "nic_type": "",
                "queue_count": 0,
                "stack_type": "IPV4_ONLY",
                "subnetwork": "https://www.googleapis.com/compute/v1/projects/azimuthtv10-347408/regions/europe-west3/subnetworks/az-subnet",
                "subnetwork_project": "azimuthtv10-347408"
              }
            ],
            "project": "azimuthtv10-347408",
            "reservation_affinity": [],
            "resource_policies": [],
            "scheduling": [
              {
                "automatic_restart": true,
                "min_node_cpus": 0,
                "node_affinities": [],
                "on_host_maintenance": "MIGRATE",
                "preemptible": false
              }
            ],
            "scratch_disk": [],
            "self_link": "https://www.googleapis.com/compute/v1/projects/azimuthtv10-347408/zones/europe-west3-b/instances/vm1",
            "service_account": [
              {
                "email": "azimuth@azimuthtv10-347408.iam.gserviceaccount.com",
                "scopes": [
                  "https://www.googleapis.com/auth/devstorage.read_write"
                ]
              }
            ],
            "shielded_instance_config": [
              {
                "enable_integrity_monitoring": true,
                "enable_secure_boot": false,
                "enable_vtpm": true
              }
            ],
            "tags": [
              "ssh",
              "web"
            ],
            "tags_fingerprint": "-scOMTZb4lA=",
            "timeouts": null,
            "zone": "europe-west3-b"
          },
          "sensitive_attributes": [],
          "private": "eyJlMmJmYjczMC1lY2FhLTExZTYtOGY4OC0zNDM2M2JjN2M0YzAiOnsiY3JlYXRlIjoxMjAwMDAwMDAwMDAwLCJkZWxldGUiOjEyMDAwMDAwMDAwMDAsInVwZGF0ZSI6MTIwMDAwMDAwMDAwMH0sInNjaGVtYV92ZXJzaW9uIjoiNiJ9",
          "dependencies": [
            "module.network.google_compute_network.az-network",
            "module.subnetwork.google_compute_subnetwork.az-subnet"
          ]
        }
      ]
    },
    {
      "module": "module.instances[\"vm2\"]",
      "mode": "managed",
      "type": "google_compute_instance",
      "name": "vms",
      "provider": "provider[\"registry.terraform.io/hashicorp/google\"]",
      "instances": [
        {
          "schema_version": 6,
          "attributes": {
            "advanced_machine_features": [],
            "allow_stopping_for_update": true,
            "attached_disk": [],
            "boot_disk": [
              {
                "auto_delete": true,
                "device_name": "persistent-disk-0",
                "disk_encryption_key_raw": "",
                "disk_encryption_key_sha256": "",
                "initialize_params": [
                  {
                    "image": "https://www.googleapis.com/compute/v1/projects/ubuntu-os-cloud/global/images/ubuntu-2004-focal-v20220607",
                    "labels": {},
                    "size": 10,
                    "type": "pd-standard"
                  }
                ],
                "kms_key_self_link": "",
                "mode": "READ_WRITE",
                "source": "https://www.googleapis.com/compute/v1/projects/azimuthtv10-347408/zones/europe-west3-b/disks/vm2"
              }
            ],
            "can_ip_forward": false,
            "confidential_instance_config": [],
            "cpu_platform": "Intel Broadwell",
            "current_status": "RUNNING",
            "deletion_protection": false,
            "description": "",
            "desired_status": null,
            "enable_display": false,
            "guest_accelerator": [],
            "hostname": "",
            "id": "projects/azimuthtv10-347408/zones/europe-west3-b/instances/vm2",
            "instance_id": "3961545934244692195",
            "label_fingerprint": "42WmSpB8rSM=",
            "labels": {},
            "machine_type": "f1-micro",
            "metadata": {
              "block-project-ssh-keys": "true",
              "enable-oslogin": "false",
              "ssh-keys": "    root:ssh-rsa AAAAB3NzaC1yc2EAAAADAQABAAABgQC9xQdGKRGXZGPWpDzhFukeu9anyva+Q7XkhCJcs6SAlu8QeuzsYwMbYuNwQOFOPzEeK5G6UTbaBMJ3NMXTrc3QwkVL2Wi+hQoPGK/kGvazxWtnpSzWcrksnYWeMo8il3BY+pXSOkuq0Yd8WmW6o+yMEV4x3ThsjtFzyGZ7Y2djTU8KqC3JL49USN+0w7bgAFtCGj4YqOR3z7e3NcdxZ49VCtZKFD3/d6zblbqepW5T8ht2PW2QSGb4nH7Nx+OeZuId2afogCoCFRHVQhMpHf6/IdnyaGGHqiwX+og81nEzGobTd42mGj4kdNBIwPAnpI3mACJLoHj75NB0ns10CRW1rWXxn0w1wzZmwA/TSjWGuieGpjSsvKcn/upoPmj6pDa7/I0jNVOhgSxjuqj/v98D995r7JkHPjOEkptZf37lWUeulS5Wh0HaQwErWb0K3huXX8ZdlUuJ1Xq9/V9eg0OxSSk6e/zsMuXxGLrf2yDKDr+Ev4ssCQgeZ2CaznRFfBs= admin@DESKTOP-9EEH9LJ\n\n"
            },
            "metadata_fingerprint": "FhsADw6hnl0=",
            "metadata_startup_script": "#!/bin/bash\n      if [[ -f /home/scriptlog.txt ]]\n      then\n      exit\n            else\n\n      sudo set -euo pipefail\n\n      sudo export DEBIAN_FRONTEND=noninteractive\n      sudo apt-get update -y \u0026\u0026 apt-get update -y\n      curl -L --output cloudflared.deb https://github.com/cloudflare/cloudflared/releases/latest/download/cloudflared-linux-amd64.deb \u0026\u0026\n      sudo dpkg -i cloudflared.deb \u0026\u0026\n      sudo cloudflared service install eyJhIjoiNDQ4ZWU4MGE1YzdhMWExZTcxZjkzMWZlZThjYzgyZTMiLCJ0IjoiYWUxNTQ2ZjgtNzJjMS00OGUyLTg4YzMtMjhlNTk1MTM3MTM4IiwicyI6Ill6UXlOR1kwT0dRdE5qazVZaTAwWkdOaExXSTVaREl0TldRNU5UY3hZemxpTWpZNCJ9\n      sudo systemctl enable cloudflared\n      sudo apt-get install jq -y\n      sudo apt-get install nginx -y\n      sudo systemctl enable nginx\n      sudo systemctl start nginx\n\n      NAME=$(curl -H \"Metadata-Flavor: Google\" \"http://metadata.google.internal/computeMetadata/v1/instance/hostname\")\n      IP=$(curl -H \"Metadata-Flavor: Google\" \"http://metadata.google.internal/computeMetadata/v1/instance/network-interfaces/0/ip\")\n      METADATA=$(curl -f -H \"Metadata-Flavor: Google\" \"http://metadata.google.internal/computeMetadata/v1/instance/attributes/?recursive=True\" | jq 'del(.[\"startup-script\"])')\n\n      sudo cat \u003c\u003cEOF \u003e /var/www/html/index.html\n\u003cpre\u003e\nName: $NAME\nIP: $IP\nMetadata: $METADATA\n\u003c/pre\u003e\nEOF\n      exec \u003e /home/scriptlog.txt\n      fi",
            "min_cpu_platform": "",
            "name": "vm2",
            "network_interface": [
              {
                "access_config": [],
                "alias_ip_range": [],
                "ipv6_access_config": [],
                "ipv6_access_type": "",
                "name": "nic0",
                "network": "https://www.googleapis.com/compute/v1/projects/azimuthtv10-347408/global/networks/az-network",
                "network_ip": "10.10.10.4",
                "nic_type": "",
                "queue_count": 0,
                "stack_type": "IPV4_ONLY",
                "subnetwork": "https://www.googleapis.com/compute/v1/projects/azimuthtv10-347408/regions/europe-west3/subnetworks/az-subnet",
                "subnetwork_project": "azimuthtv10-347408"
              }
            ],
            "project": "azimuthtv10-347408",
            "reservation_affinity": [],
            "resource_policies": [],
            "scheduling": [
              {
                "automatic_restart": true,
                "min_node_cpus": 0,
                "node_affinities": [],
                "on_host_maintenance": "MIGRATE",
                "preemptible": false
              }
            ],
            "scratch_disk": [],
            "self_link": "https://www.googleapis.com/compute/v1/projects/azimuthtv10-347408/zones/europe-west3-b/instances/vm2",
            "service_account": [
              {
                "email": "azimuth@azimuthtv10-347408.iam.gserviceaccount.com",
                "scopes": [
                  "https://www.googleapis.com/auth/devstorage.read_write"
                ]
              }
            ],
            "shielded_instance_config": [
              {
                "enable_integrity_monitoring": true,
                "enable_secure_boot": false,
                "enable_vtpm": true
              }
            ],
            "tags": [
              "ssh",
              "web"
            ],
            "tags_fingerprint": "-scOMTZb4lA=",
            "timeouts": null,
            "zone": "europe-west3-b"
          },
          "sensitive_attributes": [],
          "private": "eyJlMmJmYjczMC1lY2FhLTExZTYtOGY4OC0zNDM2M2JjN2M0YzAiOnsiY3JlYXRlIjoxMjAwMDAwMDAwMDAwLCJkZWxldGUiOjEyMDAwMDAwMDAwMDAsInVwZGF0ZSI6MTIwMDAwMDAwMDAwMH0sInNjaGVtYV92ZXJzaW9uIjoiNiJ9",
          "dependencies": [
            "module.network.google_compute_network.az-network",
            "module.subnetwork.google_compute_subnetwork.az-subnet"
          ]
        }
      ]
    },
    {
      "module": "module.instances_count[0]",
      "mode": "managed",
      "type": "google_compute_instance",
      "name": "vms",
      "provider": "provider[\"registry.terraform.io/hashicorp/google\"]",
      "instances": [
        {
          "schema_version": 6,
          "attributes": {
            "advanced_machine_features": [],
            "allow_stopping_for_update": true,
            "attached_disk": [],
            "boot_disk": [
              {
                "auto_delete": true,
                "device_name": "persistent-disk-0",
                "disk_encryption_key_raw": "",
                "disk_encryption_key_sha256": "",
                "initialize_params": [
                  {
                    "image": "https://www.googleapis.com/compute/v1/projects/centos-cloud/global/images/centos-7-v20220519",
                    "labels": {},
                    "size": 20,
                    "type": "pd-standard"
                  }
                ],
                "kms_key_self_link": "",
                "mode": "READ_WRITE",
                "source": "https://www.googleapis.com/compute/v1/projects/azimuthtv10-347408/zones/europe-west3-b/disks/vm3"
              }
            ],
            "can_ip_forward": false,
            "confidential_instance_config": [],
            "cpu_platform": "Intel Broadwell",
            "current_status": "RUNNING",
            "deletion_protection": false,
            "description": "",
            "desired_status": null,
            "enable_display": false,
            "guest_accelerator": [],
            "hostname": "",
            "id": "projects/azimuthtv10-347408/zones/europe-west3-b/instances/vm3",
            "instance_id": "4439173824005292259",
            "label_fingerprint": "42WmSpB8rSM=",
            "labels": {},
            "machine_type": "g1-small",
            "metadata": {
              "block-project-ssh-keys": "true",
              "enable-oslogin": "false",
              "ssh-keys": "    admin:ssh-rsa AAAAB3NzaC1yc2EAAAADAQABAAABgQC9xQdGKRGXZGPWpDzhFukeu9anyva+Q7XkhCJcs6SAlu8QeuzsYwMbYuNwQOFOPzEeK5G6UTbaBMJ3NMXTrc3QwkVL2Wi+hQoPGK/kGvazxWtnpSzWcrksnYWeMo8il3BY+pXSOkuq0Yd8WmW6o+yMEV4x3ThsjtFzyGZ7Y2djTU8KqC3JL49USN+0w7bgAFtCGj4YqOR3z7e3NcdxZ49VCtZKFD3/d6zblbqepW5T8ht2PW2QSGb4nH7Nx+OeZuId2afogCoCFRHVQhMpHf6/IdnyaGGHqiwX+og81nEzGobTd42mGj4kdNBIwPAnpI3mACJLoHj75NB0ns10CRW1rWXxn0w1wzZmwA/TSjWGuieGpjSsvKcn/upoPmj6pDa7/I0jNVOhgSxjuqj/v98D995r7JkHPjOEkptZf37lWUeulS5Wh0HaQwErWb0K3huXX8ZdlUuJ1Xq9/V9eg0OxSSk6e/zsMuXxGLrf2yDKDr+Ev4ssCQgeZ2CaznRFfBs= admin@DESKTOP-9EEH9LJ\n\n"
            },
            "metadata_fingerprint": "xB8_eTs5W5E=",
            "metadata_startup_script": "#!/bin/bash\n      sudo set -euo pipefail\n\n      sudo export DEBIAN_FRONTEND=noninteractive\n      sudo yum update -y \u0026\u0026 yum upgrade -y\n      curl -L --output cloudflared.rpm https://github.com/cloudflare/cloudflared/releases/latest/download/cloudflared-linux-x86_64.rpm \u0026\u0026\n      sudo yum localinstall -y cloudflared.rpm \u0026\u0026\n      sudo cloudflared service install eyJhIjoiNDQ4ZWU4MGE1YzdhMWExZTcxZjkzMWZlZThjYzgyZTMiLCJ0IjoiYWUxNTQ2ZjgtNzJjMS00OGUyLTg4YzMtMjhlNTk1MTM3MTM4IiwicyI6Ill6UXlOR1kwT0dRdE5qazVZaTAwWkdOaExXSTVaREl0TldRNU5UY3hZemxpTWpZNCJ9\n      sudo systemctl enable cloudflared\n      sudo yum install jq -y\n      sudo yum install -y nginx\n      sudo systemctl enable nginx\n      sudo systemctl start nginx\n\n      NAME=$(curl -H \"Metadata-Flavor: Google\" \"http://metadata.google.internal/computeMetadata/v1/instance/hostname\")\n      IP=$(curl -H \"Metadata-Flavor: Google\" \"http://metadata.google.internal/computeMetadata/v1/instance/network-interfaces/0/ip\")\n      METADATA=$(curl -f -H \"Metadata-Flavor: Google\" \"http://metadata.google.internal/computeMetadata/v1/instance/attributes/?recursive=True\" | jq 'del(.[\"startup-script\"])')\n\n      sudo cat \u003c\u003cEOF \u003e /usr/share/nginx/html/index.html\n\u003cpre\u003e\nName: $NAME\nIP: $IP\nMetadata: $METADATA\n\u003c/pre\u003e\nEOF",
            "min_cpu_platform": "",
            "name": "vm3",
            "network_interface": [
              {
                "access_config": [],
                "alias_ip_range": [],
                "ipv6_access_config": [],
                "ipv6_access_type": "",
                "name": "nic0",
                "network": "https://www.googleapis.com/compute/v1/projects/azimuthtv10-347408/global/networks/az-network",
                "network_ip": "10.10.10.5",
                "nic_type": "",
                "queue_count": 0,
                "stack_type": "IPV4_ONLY",
                "subnetwork": "https://www.googleapis.com/compute/v1/projects/azimuthtv10-347408/regions/europe-west3/subnetworks/az-subnet",
                "subnetwork_project": "azimuthtv10-347408"
              }
            ],
            "project": "azimuthtv10-347408",
            "reservation_affinity": [],
            "resource_policies": [],
            "scheduling": [
              {
                "automatic_restart": true,
                "min_node_cpus": 0,
                "node_affinities": [],
                "on_host_maintenance": "MIGRATE",
                "preemptible": false
              }
            ],
            "scratch_disk": [],
            "self_link": "https://www.googleapis.com/compute/v1/projects/azimuthtv10-347408/zones/europe-west3-b/instances/vm3",
            "service_account": [
              {
                "email": "azimuth@azimuthtv10-347408.iam.gserviceaccount.com",
                "scopes": [
                  "https://www.googleapis.com/auth/devstorage.read_write"
                ]
              }
            ],
            "shielded_instance_config": [
              {
                "enable_integrity_monitoring": true,
                "enable_secure_boot": false,
                "enable_vtpm": true
              }
            ],
            "tags": [
              "ssh",
              "web"
            ],
            "tags_fingerprint": "-scOMTZb4lA=",
            "timeouts": null,
            "zone": "europe-west3-b"
          },
          "sensitive_attributes": [],
          "private": "eyJlMmJmYjczMC1lY2FhLTExZTYtOGY4OC0zNDM2M2JjN2M0YzAiOnsiY3JlYXRlIjoxMjAwMDAwMDAwMDAwLCJkZWxldGUiOjEyMDAwMDAwMDAwMDAsInVwZGF0ZSI6MTIwMDAwMDAwMDAwMH0sInNjaGVtYV92ZXJzaW9uIjoiNiJ9",
          "dependencies": [
            "module.network.google_compute_network.az-network",
            "module.subnetwork.google_compute_subnetwork.az-subnet"
          ]
        }
      ]
    },
    {
      "module": "module.instances_count[1]",
      "mode": "managed",
      "type": "google_compute_instance",
      "name": "vms",
      "provider": "provider[\"registry.terraform.io/hashicorp/google\"]",
      "instances": [
        {
          "schema_version": 6,
          "attributes": {
            "advanced_machine_features": [],
            "allow_stopping_for_update": true,
            "attached_disk": [],
            "boot_disk": [
              {
                "auto_delete": true,
                "device_name": "persistent-disk-0",
                "disk_encryption_key_raw": "",
                "disk_encryption_key_sha256": "",
                "initialize_params": [
                  {
                    "image": "https://www.googleapis.com/compute/v1/projects/ubuntu-os-cloud/global/images/ubuntu-2004-focal-v20220607",
                    "labels": {},
                    "size": 10,
                    "type": "pd-standard"
                  }
                ],
                "kms_key_self_link": "",
                "mode": "READ_WRITE",
                "source": "https://www.googleapis.com/compute/v1/projects/azimuthtv10-347408/zones/europe-west3-b/disks/vm4"
              }
            ],
            "can_ip_forward": false,
            "confidential_instance_config": [],
            "cpu_platform": "Intel Broadwell",
            "current_status": "RUNNING",
            "deletion_protection": false,
            "description": "",
            "desired_status": null,
            "enable_display": false,
            "guest_accelerator": [],
            "hostname": "",
            "id": "projects/azimuthtv10-347408/zones/europe-west3-b/instances/vm4",
            "instance_id": "8108848728440062179",
            "label_fingerprint": "42WmSpB8rSM=",
            "labels": {},
            "machine_type": "g1-small",
            "metadata": {
              "block-project-ssh-keys": "true",
              "enable-oslogin": "false",
              "ssh-keys": "    root:ssh-rsa AAAAB3NzaC1yc2EAAAADAQABAAABgQC9xQdGKRGXZGPWpDzhFukeu9anyva+Q7XkhCJcs6SAlu8QeuzsYwMbYuNwQOFOPzEeK5G6UTbaBMJ3NMXTrc3QwkVL2Wi+hQoPGK/kGvazxWtnpSzWcrksnYWeMo8il3BY+pXSOkuq0Yd8WmW6o+yMEV4x3ThsjtFzyGZ7Y2djTU8KqC3JL49USN+0w7bgAFtCGj4YqOR3z7e3NcdxZ49VCtZKFD3/d6zblbqepW5T8ht2PW2QSGb4nH7Nx+OeZuId2afogCoCFRHVQhMpHf6/IdnyaGGHqiwX+og81nEzGobTd42mGj4kdNBIwPAnpI3mACJLoHj75NB0ns10CRW1rWXxn0w1wzZmwA/TSjWGuieGpjSsvKcn/upoPmj6pDa7/I0jNVOhgSxjuqj/v98D995r7JkHPjOEkptZf37lWUeulS5Wh0HaQwErWb0K3huXX8ZdlUuJ1Xq9/V9eg0OxSSk6e/zsMuXxGLrf2yDKDr+Ev4ssCQgeZ2CaznRFfBs= admin@DESKTOP-9EEH9LJ\n\n"
            },
            "metadata_fingerprint": "FhsADw6hnl0=",
            "metadata_startup_script": "#!/bin/bash\n      if [[ -f /home/scriptlog.txt ]]\n      then\n      exit\n            else\n\n      sudo set -euo pipefail\n\n      sudo export DEBIAN_FRONTEND=noninteractive\n      sudo apt-get update -y \u0026\u0026 apt-get update -y\n      curl -L --output cloudflared.deb https://github.com/cloudflare/cloudflared/releases/latest/download/cloudflared-linux-amd64.deb \u0026\u0026\n      sudo dpkg -i cloudflared.deb \u0026\u0026\n      sudo cloudflared service install eyJhIjoiNDQ4ZWU4MGE1YzdhMWExZTcxZjkzMWZlZThjYzgyZTMiLCJ0IjoiYWUxNTQ2ZjgtNzJjMS00OGUyLTg4YzMtMjhlNTk1MTM3MTM4IiwicyI6Ill6UXlOR1kwT0dRdE5qazVZaTAwWkdOaExXSTVaREl0TldRNU5UY3hZemxpTWpZNCJ9\n      sudo systemctl enable cloudflared\n      sudo apt-get install jq -y\n      sudo apt-get install nginx -y\n      sudo systemctl enable nginx\n      sudo systemctl start nginx\n\n      NAME=$(curl -H \"Metadata-Flavor: Google\" \"http://metadata.google.internal/computeMetadata/v1/instance/hostname\")\n      IP=$(curl -H \"Metadata-Flavor: Google\" \"http://metadata.google.internal/computeMetadata/v1/instance/network-interfaces/0/ip\")\n      METADATA=$(curl -f -H \"Metadata-Flavor: Google\" \"http://metadata.google.internal/computeMetadata/v1/instance/attributes/?recursive=True\" | jq 'del(.[\"startup-script\"])')\n\n      sudo cat \u003c\u003cEOF \u003e /var/www/html/index.html\n\u003cpre\u003e\nName: $NAME\nIP: $IP\nMetadata: $METADATA\n\u003c/pre\u003e\nEOF\n      exec \u003e /home/scriptlog.txt\n      fi",
            "min_cpu_platform": "",
            "name": "vm4",
            "network_interface": [
              {
                "access_config": [],
                "alias_ip_range": [],
                "ipv6_access_config": [],
                "ipv6_access_type": "",
                "name": "nic0",
                "network": "https://www.googleapis.com/compute/v1/projects/azimuthtv10-347408/global/networks/az-network",
                "network_ip": "10.10.10.3",
                "nic_type": "",
                "queue_count": 0,
                "stack_type": "IPV4_ONLY",
                "subnetwork": "https://www.googleapis.com/compute/v1/projects/azimuthtv10-347408/regions/europe-west3/subnetworks/az-subnet",
                "subnetwork_project": "azimuthtv10-347408"
              }
            ],
            "project": "azimuthtv10-347408",
            "reservation_affinity": [],
            "resource_policies": [],
            "scheduling": [
              {
                "automatic_restart": true,
                "min_node_cpus": 0,
                "node_affinities": [],
                "on_host_maintenance": "MIGRATE",
                "preemptible": false
              }
            ],
            "scratch_disk": [],
            "self_link": "https://www.googleapis.com/compute/v1/projects/azimuthtv10-347408/zones/europe-west3-b/instances/vm4",
            "service_account": [
              {
                "email": "azimuth@azimuthtv10-347408.iam.gserviceaccount.com",
                "scopes": [
                  "https://www.googleapis.com/auth/devstorage.read_write"
                ]
              }
            ],
            "shielded_instance_config": [
              {
                "enable_integrity_monitoring": true,
                "enable_secure_boot": false,
                "enable_vtpm": true
              }
            ],
            "tags": [
              "ssh",
              "web"
            ],
            "tags_fingerprint": "-scOMTZb4lA=",
            "timeouts": null,
            "zone": "europe-west3-b"
          },
          "sensitive_attributes": [],
          "private": "eyJlMmJmYjczMC1lY2FhLTExZTYtOGY4OC0zNDM2M2JjN2M0YzAiOnsiY3JlYXRlIjoxMjAwMDAwMDAwMDAwLCJkZWxldGUiOjEyMDAwMDAwMDAwMDAsInVwZGF0ZSI6MTIwMDAwMDAwMDAwMH0sInNjaGVtYV92ZXJzaW9uIjoiNiJ9",
          "dependencies": [
            "module.network.google_compute_network.az-network",
            "module.subnetwork.google_compute_subnetwork.az-subnet"
          ]
        }
      ]
    },
    {
      "module": "module.lb",
      "mode": "managed",
      "type": "google_compute_backend_service",
      "name": "backend_http_service",
      "provider": "provider[\"registry.terraform.io/hashicorp/google\"]",
      "instances": [
        {
          "schema_version": 1,
          "attributes": {
            "affinity_cookie_ttl_sec": 0,
            "backend": [
              {
                "balancing_mode": "RATE",
                "capacity_scaler": 1,
                "description": "",
                "group": "https://www.googleapis.com/compute/v1/projects/azimuthtv10-347408/zones/europe-west3-b/instanceGroups/az-webservers",
                "max_connections": 0,
                "max_connections_per_endpoint": 0,
                "max_connections_per_instance": 0,
                "max_rate": 0,
                "max_rate_per_endpoint": 0,
                "max_rate_per_instance": 100,
                "max_utilization": 0
              }
            ],
            "cdn_policy": [],
            "circuit_breakers": [],
            "connection_draining_timeout_sec": 300,
            "consistent_hash": [],
            "creation_timestamp": "2022-06-09T07:05:40.804-07:00",
            "custom_request_headers": [],
            "custom_response_headers": [],
            "description": "",
            "enable_cdn": false,
            "fingerprint": "FR9OxdpOJUk=",
            "health_checks": [
              "https://www.googleapis.com/compute/v1/projects/azimuthtv10-347408/global/healthChecks/az-healthcheck"
            ],
            "iap": [],
            "id": "projects/azimuthtv10-347408/global/backendServices/az-http-backend-service",
            "load_balancing_scheme": "EXTERNAL",
            "locality_lb_policy": "",
            "log_config": [],
            "name": "az-http-backend-service",
            "outlier_detection": [],
            "port_name": "http",
            "project": "azimuthtv10-347408",
            "protocol": "HTTP",
            "security_policy": "",
            "security_settings": [],
            "self_link": "https://www.googleapis.com/compute/v1/projects/azimuthtv10-347408/global/backendServices/az-http-backend-service",
            "session_affinity": "NONE",
            "timeout_sec": 30,
            "timeouts": null
          },
          "sensitive_attributes": [],
          "private": "eyJlMmJmYjczMC1lY2FhLTExZTYtOGY4OC0zNDM2M2JjN2M0YzAiOnsiY3JlYXRlIjoxMjAwMDAwMDAwMDAwLCJkZWxldGUiOjEyMDAwMDAwMDAwMDAsInVwZGF0ZSI6MTIwMDAwMDAwMDAwMH0sInNjaGVtYV92ZXJzaW9uIjoiMSJ9",
          "dependencies": [
            "module.lb.google_compute_instance_group.webservers",
            "module.network.google_compute_network.az-network",
            "module.subnetwork.google_compute_subnetwork.az-subnet",
            "module.instances.google_compute_instance.vms",
            "module.instances_count.google_compute_instance.vms",
            "module.lb.google_compute_health_check.healthcheck"
          ]
        }
      ]
    },
    {
      "module": "module.lb",
      "mode": "managed",
      "type": "google_compute_global_forwarding_rule",
      "name": "global_forwarding_http_rule",
      "provider": "provider[\"registry.terraform.io/hashicorp/google\"]",
      "instances": [
        {
          "schema_version": 0,
          "attributes": {
            "description": "",
            "id": "projects/azimuthtv10-347408/global/forwardingRules/az-global-forwarding-https-rule",
            "ip_address": "34.120.87.213",
            "ip_protocol": "TCP",
            "ip_version": "",
            "label_fingerprint": "42WmSpB8rSM=",
            "labels": {},
            "load_balancing_scheme": "EXTERNAL",
            "metadata_filters": [],
            "name": "az-global-forwarding-https-rule",
            "network": "",
            "port_range": "443",
            "project": "azimuthtv10-347408",
            "self_link": "https://www.googleapis.com/compute/v1/projects/azimuthtv10-347408/global/forwardingRules/az-global-forwarding-https-rule",
            "target": "https://www.googleapis.com/compute/v1/projects/azimuthtv10-347408/global/targetHttpsProxies/az-proxy",
            "timeouts": null
          },
          "sensitive_attributes": [],
          "private": "eyJlMmJmYjczMC1lY2FhLTExZTYtOGY4OC0zNDM2M2JjN2M0YzAiOnsiY3JlYXRlIjoxMjAwMDAwMDAwMDAwLCJkZWxldGUiOjEyMDAwMDAwMDAwMDAsInVwZGF0ZSI6MTIwMDAwMDAwMDAwMH19",
          "dependencies": [
            "module.lb.google_compute_health_check.healthcheck",
            "module.network.google_compute_network.az-network",
            "google_compute_global_address.lb_global_ip",
            "module.instances.google_compute_instance.vms",
            "module.instances_count.google_compute_instance.vms",
            "module.lb.google_compute_target_https_proxy.target_https_proxy",
            "module.lb.google_compute_url_map.url_map_http",
            "module.subnetwork.google_compute_subnetwork.az-subnet",
            "module.lb.google_compute_backend_service.backend_http_service",
            "module.lb.google_compute_instance_group.webservers",
            "module.lb.google_compute_ssl_certificate.ssl"
          ]
        }
      ]
    },
    {
      "module": "module.lb",
      "mode": "managed",
      "type": "google_compute_health_check",
      "name": "healthcheck",
      "provider": "provider[\"registry.terraform.io/hashicorp/google\"]",
      "instances": [
        {
          "schema_version": 0,
          "attributes": {
            "check_interval_sec": 1,
            "creation_timestamp": "2022-06-09T07:05:28.691-07:00",
            "description": "",
            "grpc_health_check": [],
            "healthy_threshold": 2,
            "http2_health_check": [],
            "http_health_check": [
              {
                "host": "",
                "port": 80,
                "port_name": "",
                "port_specification": "",
                "proxy_header": "NONE",
                "request_path": "/",
                "response": ""
              }
            ],
            "https_health_check": [],
            "id": "projects/azimuthtv10-347408/global/healthChecks/az-healthcheck",
            "log_config": [
              {
                "enable": false
              }
            ],
            "name": "az-healthcheck",
            "project": "azimuthtv10-347408",
            "self_link": "https://www.googleapis.com/compute/v1/projects/azimuthtv10-347408/global/healthChecks/az-healthcheck",
            "ssl_health_check": [],
            "tcp_health_check": [],
            "timeout_sec": 1,
            "timeouts": null,
            "type": "HTTP",
            "unhealthy_threshold": 2
          },
          "sensitive_attributes": [],
          "private": "eyJlMmJmYjczMC1lY2FhLTExZTYtOGY4OC0zNDM2M2JjN2M0YzAiOnsiY3JlYXRlIjoxMjAwMDAwMDAwMDAwLCJkZWxldGUiOjEyMDAwMDAwMDAwMDAsInVwZGF0ZSI6MTIwMDAwMDAwMDAwMH19",
          "dependencies": [
            "module.instances.google_compute_instance.vms",
            "module.instances_count.google_compute_instance.vms",
            "module.lb.google_compute_instance_group.webservers",
            "module.network.google_compute_network.az-network",
            "module.subnetwork.google_compute_subnetwork.az-subnet"
          ]
        }
      ]
    },
    {
      "module": "module.lb",
      "mode": "managed",
      "type": "google_compute_instance_group",
      "name": "webservers",
      "provider": "provider[\"registry.terraform.io/hashicorp/google\"]",
      "instances": [
        {
          "schema_version": 2,
          "attributes": {
            "description": "Terraform instance group",
            "id": "projects/azimuthtv10-347408/zones/europe-west3-b/instanceGroups/az-webservers",
            "instances": [
              "https://www.googleapis.com/compute/v1/projects/azimuthtv10-347408/zones/europe-west3-b/instances/vm1",
              "https://www.googleapis.com/compute/v1/projects/azimuthtv10-347408/zones/europe-west3-b/instances/vm2",
              "https://www.googleapis.com/compute/v1/projects/azimuthtv10-347408/zones/europe-west3-b/instances/vm3",
              "https://www.googleapis.com/compute/v1/projects/azimuthtv10-347408/zones/europe-west3-b/instances/vm4"
            ],
            "name": "az-webservers",
            "named_port": [
              {
                "name": "http",
                "port": 80
              },
              {
                "name": "https",
                "port": 443
              }
            ],
            "network": "https://www.googleapis.com/compute/v1/projects/azimuthtv10-347408/global/networks/az-network",
            "project": "azimuthtv10-347408",
            "self_link": "https://www.googleapis.com/compute/v1/projects/azimuthtv10-347408/zones/europe-west3-b/instanceGroups/az-webservers",
            "size": 4,
            "timeouts": null,
            "zone": "europe-west3-b"
          },
          "sensitive_attributes": [],
          "private": "eyJlMmJmYjczMC1lY2FhLTExZTYtOGY4OC0zNDM2M2JjN2M0YzAiOnsiY3JlYXRlIjozNjAwMDAwMDAwMDAsImRlbGV0ZSI6MzYwMDAwMDAwMDAwLCJ1cGRhdGUiOjM2MDAwMDAwMDAwMH0sInNjaGVtYV92ZXJzaW9uIjoiMiJ9",
          "dependencies": [
            "module.instances_count.google_compute_instance.vms",
            "module.network.google_compute_network.az-network",
            "module.subnetwork.google_compute_subnetwork.az-subnet",
            "module.instances.google_compute_instance.vms"
          ]
        }
      ]
    },
    {
      "module": "module.lb",
      "mode": "managed",
      "type": "google_compute_ssl_certificate",
      "name": "ssl",
      "provider": "provider[\"registry.terraform.io/hashicorp/google\"]",
      "instances": [
        {
          "schema_version": 0,
          "attributes": {
            "certificate": "-----BEGIN CERTIFICATE-----\nMIIEoDCCA4igAwIBAgIUbrNn/JGnIjFVtZT97Hpq71TAmgQwDQYJKoZIhvcNAQEL\nBQAwgYsxCzAJBgNVBAYTAlVTMRkwFwYDVQQKExBDbG91ZEZsYXJlLCBJbmMuMTQw\nMgYDVQQLEytDbG91ZEZsYXJlIE9yaWdpbiBTU0wgQ2VydGlmaWNhdGUgQXV0aG9y\naXR5MRYwFAYDVQQHEw1TYW4gRnJhbmNpc2NvMRMwEQYDVQQIEwpDYWxpZm9ybmlh\nMB4XDTIyMDYwOTA4MzgwMFoXDTIzMDYwOTA4MzgwMFowYjEZMBcGA1UEChMQQ2xv\ndWRGbGFyZSwgSW5jLjEdMBsGA1UECxMUQ2xvdWRGbGFyZSBPcmlnaW4gQ0ExJjAk\nBgNVBAMTHUNsb3VkRmxhcmUgT3JpZ2luIENlcnRpZmljYXRlMIIBIjANBgkqhkiG\n9w0BAQEFAAOCAQ8AMIIBCgKCAQEAuf7UFgd4uh9Zu0HHjCwF463pWj/RV2TKOBud\nl0+aM8EELwvffm7ocgTuNM2LtF/T0UF3lwJl+S99Otk62sMeG9Jyq951A3/f8zMk\nW28T9U4xvaEGR98wvHxF5gwZK3Iah7rk+CiJr1Fv8VshmrHaJ74SW/oV3zSCLsQB\nd2r81I87tVWQdxeUYI/oLXrMGnCg5qqCedro0cD9ujP3qaG34QrqYBVWC1TNctdS\nO/QghgmBN49z0mj5BAl9x6r0dg8pV1Ubwhx9dvhjjJ8HidRlzcp68m8A5KNqfi0q\ntlLobpvh90aLc0NRvQJwzopjzLfUpoY5ph/MttfgR3zMMT7f0wIDAQABo4IBIjCC\nAR4wDgYDVR0PAQH/BAQDAgWgMB0GA1UdJQQWMBQGCCsGAQUFBwMCBggrBgEFBQcD\nATAMBgNVHRMBAf8EAjAAMB0GA1UdDgQWBBQq5zLT201U+zURmptWevAbemA6gzAf\nBgNVHSMEGDAWgBQk6FNXXXw0QIep65TbuuEWePwppDBABggrBgEFBQcBAQQ0MDIw\nMAYIKwYBBQUHMAGGJGh0dHA6Ly9vY3NwLmNsb3VkZmxhcmUuY29tL29yaWdpbl9j\nYTAjBgNVHREEHDAaggwqLmF6aW11dGgudGuCCmF6aW11dGgudGswOAYDVR0fBDEw\nLzAtoCugKYYnaHR0cDovL2NybC5jbG91ZGZsYXJlLmNvbS9vcmlnaW5fY2EuY3Js\nMA0GCSqGSIb3DQEBCwUAA4IBAQBtsx8c4rXlBZBvYSBoIwU6G1TC7SoC9g0knIoZ\nH1oqk0dholUx+Rd2yivXf7/mjwj8nQyjfbphTkZf3wUGO8T+zIBQymHvp+6WFUp3\n+dk+n4AS1A8EX2EfrBBiDFW+tnhyrq7EUxFNScvH5+8ByFE90ubNe2usF0JYGI6V\nNGkZCgfzsXGjx32Pm0Y7BQPJEcairOw2F8yNNfQXSYzedvicluhIZyiZowUHfXRs\nPiuxim14EkXW5sz64PBILIf92CMGRfd53iWX0qS6K01xAqTFmbmoPh4kaEFcY9Zo\nKuhOYSPpFqj0I4kHB6t8hPQveCODIjnqfNYkCTjg3KbTPjIP\n-----END CERTIFICATE-----\n",
            "certificate_id": 606003297161855751,
            "creation_timestamp": "2022-06-09T07:04:24.111-07:00",
            "description": "",
            "id": "projects/azimuthtv10-347408/global/sslCertificates/az-certificate",
            "name": "az-certificate",
            "name_prefix": null,
            "private_key": "-----BEGIN PRIVATE KEY-----\nMIIEvgIBADANBgkqhkiG9w0BAQEFAASCBKgwggSkAgEAAoIBAQC5/tQWB3i6H1m7\nQceMLAXjrelaP9FXZMo4G52XT5ozwQQvC99+buhyBO40zYu0X9PRQXeXAmX5L306\n2Trawx4b0nKr3nUDf9/zMyRbbxP1TjG9oQZH3zC8fEXmDBkrchqHuuT4KImvUW/x\nWyGasdonvhJb+hXfNIIuxAF3avzUjzu1VZB3F5Rgj+gteswacKDmqoJ52ujRwP26\nM/epobfhCupgFVYLVM1y11I79CCGCYE3j3PSaPkECX3HqvR2DylXVRvCHH12+GOM\nnweJ1GXNynrybwDko2p+LSq2Uuhum+H3RotzQ1G9AnDOimPMt9SmhjmmH8y21+BH\nfMwxPt/TAgMBAAECggEAD0LvIR2c1NzUro5Psts74no3Lw4UfdDJ3P+7FxrTgtKg\nJsIZJRUxooVwDEofX/4K8d0m1G/AcUlpw6Xmc+PVuR+0BBE9Vbus4xY7sfrzzsmL\nQE2Rp90S8SxbSeyNNijnL2Lw/cHJxmZuwoWhRMG6Lk+kzwI+wDFdSzwPCL7xHvm7\nylIBhFjQxKj1dIDdxjzU+YyG4O+PF1ABTDl9a7EVOe1GgXhVGG8MHgVX6sIQDh5p\n1Mo/Zgb4YkeDnCvtcGRaOYQRobx5YBYeSLnpTEte1FLN1Y385B7qE8bHUmCTOR25\neF4o1vLN/v2lNTCSWXKv5a7rUDtfIXTX1101Zmvv/QKBgQDv8kOfClJA+r6zr2lX\n3bUSuisN/2Y1V1NdjyncGfKzlGfzLqDLCjng75bw0YvXj2RU+54lckLbAzAMhHoC\nMiNMkJQDiN3dji8IUfhjIO8TXfcsE+MYBu1KGk0VMfb4zXh0++UaONMpn1M3PT7+\n0Ae35I+HMkXMM/5A4zgiZ7lxfwKBgQDGcIHxgNg4Q3uOimH9Ym5sha/rzdEH/A3c\nhXPzwRMQcDjIvfirb1pziw+KO5aK++g6Vu5qwmO/QYbT8Lx5PHsgW+m4F9IBvH1c\nJBmuLtUhUn5xfEXcPtAJ1vgYsv5u/VRWJo2KBpasIvAsaZP3tQQGXYY0btICwb0R\nnKGNpV9TrQKBgGPaVMu1lt9VudC6+cLID9eYQ9ySYW1nRtkTf98JqVeUNeIckGuO\neOGjsxPKkECHesBm6bw5nZrY68D5zHBnfwsYy4/hADt4NRhoTE6sYPGVVAwyxnm0\nQEFrSpK8dUO69hrwzLmp1i5nEFFXmoSd++hKJHSltigxpuhH5o9izOhvAoGBALT3\nKSmKbKRythz5if8/YqBJEnOikHwNmr5+XY3vh2k4TjCTPlFpDT3NlXBkgxdgPxnk\n6Swm9jwWj9R7+AU/6LFL4MpnvraipFgA/AJi5y6qQnFP+Y2vIp22ky5DHdEt6Vlf\nczhqZcG5Yvm9lpkRVQhRBfCPF6o38Co9gv7fzx1JAoGBANenc3L/uoTLJcClyFhw\n7ivyq7B7wa32+QAXqMnqrdaHQRfu5lXJWUE75PRvO2BCbefmB5Lts2UeI8lgZgOT\n8FlvP5bfFMm0WPCGqAu15gTyoS1kUSnjUC+fut1T/fYE4xswnnGBZfajZqsJpopv\n619PJqgyY9QjUFH1PYyZ3305\n-----END PRIVATE KEY-----\n",
            "project": "azimuthtv10-347408",
            "self_link": "https://www.googleapis.com/compute/v1/projects/azimuthtv10-347408/global/sslCertificates/az-certificate",
            "timeouts": null
          },
          "sensitive_attributes": [],
          "private": "eyJlMmJmYjczMC1lY2FhLTExZTYtOGY4OC0zNDM2M2JjN2M0YzAiOnsiY3JlYXRlIjoxMjAwMDAwMDAwMDAwLCJkZWxldGUiOjEyMDAwMDAwMDAwMDB9fQ=="
        }
      ]
    },
    {
      "module": "module.lb",
      "mode": "managed",
      "type": "google_compute_target_https_proxy",
      "name": "target_https_proxy",
      "provider": "provider[\"registry.terraform.io/hashicorp/google\"]",
      "instances": [
        {
          "schema_version": 0,
          "attributes": {
            "creation_timestamp": "2022-06-09T07:06:14.739-07:00",
            "description": "",
            "id": "projects/azimuthtv10-347408/global/targetHttpsProxies/az-proxy",
            "name": "az-proxy",
            "project": "azimuthtv10-347408",
            "proxy_bind": false,
            "proxy_id": 2865023307353964729,
            "quic_override": "NONE",
            "self_link": "https://www.googleapis.com/compute/v1/projects/azimuthtv10-347408/global/targetHttpsProxies/az-proxy",
            "ssl_certificates": [
              "https://www.googleapis.com/compute/v1/projects/azimuthtv10-347408/global/sslCertificates/az-certificate"
            ],
            "ssl_policy": "",
            "timeouts": null,
            "url_map": "https://www.googleapis.com/compute/v1/projects/azimuthtv10-347408/global/urlMaps/az-load-balancer"
          },
          "sensitive_attributes": [],
          "private": "eyJlMmJmYjczMC1lY2FhLTExZTYtOGY4OC0zNDM2M2JjN2M0YzAiOnsiY3JlYXRlIjoxMjAwMDAwMDAwMDAwLCJkZWxldGUiOjEyMDAwMDAwMDAwMDAsInVwZGF0ZSI6MTIwMDAwMDAwMDAwMH19",
          "dependencies": [
            "module.instances.google_compute_instance.vms",
            "module.lb.google_compute_url_map.url_map_http",
            "module.subnetwork.google_compute_subnetwork.az-subnet",
            "module.instances_count.google_compute_instance.vms",
            "module.lb.google_compute_backend_service.backend_http_service",
            "module.lb.google_compute_health_check.healthcheck",
            "module.lb.google_compute_instance_group.webservers",
            "module.lb.google_compute_ssl_certificate.ssl",
            "module.network.google_compute_network.az-network"
          ]
        }
      ]
    },
    {
      "module": "module.lb",
      "mode": "managed",
      "type": "google_compute_url_map",
      "name": "url_map_http",
      "provider": "provider[\"registry.terraform.io/hashicorp/google\"]",
      "instances": [
        {
          "schema_version": 0,
          "attributes": {
            "creation_timestamp": "2022-06-09T07:06:02.995-07:00",
            "default_route_action": [],
            "default_service": "https://www.googleapis.com/compute/v1/projects/azimuthtv10-347408/global/backendServices/az-http-backend-service",
            "default_url_redirect": [],
            "description": "",
            "fingerprint": "Gw-W3vzfr-I=",
            "header_action": [],
            "host_rule": [],
            "id": "projects/azimuthtv10-347408/global/urlMaps/az-load-balancer",
            "map_id": 917966425640681637,
            "name": "az-load-balancer",
            "path_matcher": [],
            "project": "azimuthtv10-347408",
            "self_link": "https://www.googleapis.com/compute/v1/projects/azimuthtv10-347408/global/urlMaps/az-load-balancer",
            "test": [],
            "timeouts": null
          },
          "sensitive_attributes": [],
          "private": "eyJlMmJmYjczMC1lY2FhLTExZTYtOGY4OC0zNDM2M2JjN2M0YzAiOnsiY3JlYXRlIjoxMjAwMDAwMDAwMDAwLCJkZWxldGUiOjEyMDAwMDAwMDAwMDAsInVwZGF0ZSI6MTIwMDAwMDAwMDAwMH19",
          "dependencies": [
            "module.lb.google_compute_health_check.healthcheck",
            "module.lb.google_compute_instance_group.webservers",
            "module.network.google_compute_network.az-network",
            "module.subnetwork.google_compute_subnetwork.az-subnet",
            "module.instances.google_compute_instance.vms",
            "module.instances_count.google_compute_instance.vms",
            "module.lb.google_compute_backend_service.backend_http_service"
          ]
        }
      ]
    },
    {
      "module": "module.network",
      "mode": "managed",
      "type": "google_compute_network",
      "name": "az-network",
      "provider": "provider[\"registry.terraform.io/hashicorp/google\"]",
      "instances": [
        {
          "schema_version": 0,
          "attributes": {
            "auto_create_subnetworks": false,
            "delete_default_routes_on_create": false,
            "description": "",
            "gateway_ipv4": "",
            "id": "projects/azimuthtv10-347408/global/networks/az-network",
            "mtu": 0,
            "name": "az-network",
            "project": "azimuthtv10-347408",
            "routing_mode": "REGIONAL",
            "self_link": "https://www.googleapis.com/compute/v1/projects/azimuthtv10-347408/global/networks/az-network",
            "timeouts": null
          },
          "sensitive_attributes": [],
          "private": "eyJlMmJmYjczMC1lY2FhLTExZTYtOGY4OC0zNDM2M2JjN2M0YzAiOnsiY3JlYXRlIjoxMjAwMDAwMDAwMDAwLCJkZWxldGUiOjEyMDAwMDAwMDAwMDAsInVwZGF0ZSI6MTIwMDAwMDAwMDAwMH19"
        }
      ]
    },
    {
      "module": "module.ssh",
      "mode": "managed",
      "type": "google_compute_firewall",
      "name": "rules",
      "provider": "provider[\"registry.terraform.io/hashicorp/google\"]",
      "instances": [
        {
          "schema_version": 1,
          "attributes": {
            "allow": [
              {
                "ports": [
                  "22"
                ],
                "protocol": "tcp"
              }
            ],
            "creation_timestamp": "2022-06-09T07:04:35.697-07:00",
            "deny": [],
            "description": "",
            "destination_ranges": [],
            "direction": "INGRESS",
            "disabled": false,
            "enable_logging": null,
            "id": "projects/azimuthtv10-347408/global/firewalls/allow-ssh",
            "log_config": [],
            "name": "allow-ssh",
            "network": "https://www.googleapis.com/compute/v1/projects/azimuthtv10-347408/global/networks/az-network",
            "priority": 1000,
            "project": "azimuthtv10-347408",
            "self_link": "https://www.googleapis.com/compute/v1/projects/azimuthtv10-347408/global/firewalls/allow-ssh",
            "source_ranges": [
              "194.44.223.172/30"
            ],
            "source_service_accounts": [],
            "source_tags": [],
            "target_service_accounts": [],
            "target_tags": [
              "ssh"
            ],
            "timeouts": null
          },
          "sensitive_attributes": [],
          "private": "eyJlMmJmYjczMC1lY2FhLTExZTYtOGY4OC0zNDM2M2JjN2M0YzAiOnsiY3JlYXRlIjoxMjAwMDAwMDAwMDAwLCJkZWxldGUiOjEyMDAwMDAwMDAwMDAsInVwZGF0ZSI6MTIwMDAwMDAwMDAwMH0sInNjaGVtYV92ZXJzaW9uIjoiMSJ9",
          "dependencies": [
            "module.network.google_compute_network.az-network"
          ]
        }
      ]
    },
    {
      "module": "module.subnetwork",
      "mode": "managed",
      "type": "google_compute_subnetwork",
      "name": "az-subnet",
      "provider": "provider[\"registry.terraform.io/hashicorp/google\"]",
      "instances": [
        {
          "schema_version": 0,
          "attributes": {
            "creation_timestamp": "2022-06-09T07:04:36.636-07:00",
            "description": "",
            "external_ipv6_prefix": "",
            "fingerprint": null,
            "gateway_address": "10.10.10.1",
            "id": "projects/azimuthtv10-347408/regions/europe-west3/subnetworks/az-subnet",
            "ip_cidr_range": "10.10.10.0/24",
            "ipv6_access_type": "",
            "ipv6_cidr_range": "",
            "log_config": [
              {
                "aggregation_interval": "INTERVAL_10_MIN",
                "filter_expr": "true",
                "flow_sampling": 0.5,
                "metadata": "INCLUDE_ALL_METADATA",
                "metadata_fields": []
              }
            ],
            "name": "az-subnet",
            "network": "https://www.googleapis.com/compute/v1/projects/azimuthtv10-347408/global/networks/az-network",
            "private_ip_google_access": true,
            "private_ipv6_google_access": "DISABLE_GOOGLE_ACCESS",
            "project": "azimuthtv10-347408",
            "purpose": "PRIVATE",
            "region": "europe-west3",
            "role": "",
            "secondary_ip_range": [
              {
                "ip_cidr_range": "10.101.0.0/16",
                "range_name": "gke-azimuthtv10-347408-gke-pods-5b7bdadd"
              },
              {
                "ip_cidr_range": "10.102.0.0/16",
                "range_name": "gke-azimuthtv10-347408-gke-services-5b7bdadd"
              }
            ],
            "self_link": "https://www.googleapis.com/compute/v1/projects/azimuthtv10-347408/regions/europe-west3/subnetworks/az-subnet",
            "stack_type": "IPV4_ONLY",
            "timeouts": null
          },
          "sensitive_attributes": [],
          "private": "eyJlMmJmYjczMC1lY2FhLTExZTYtOGY4OC0zNDM2M2JjN2M0YzAiOnsiY3JlYXRlIjoxMjAwMDAwMDAwMDAwLCJkZWxldGUiOjEyMDAwMDAwMDAwMDAsInVwZGF0ZSI6MTIwMDAwMDAwMDAwMH19",
          "dependencies": [
            "module.network.google_compute_network.az-network"
          ]
        }
      ]
    }
  ]
}
